// !$*UTF8*$!
{
	archiveVersion = 1;
	classes = {
	};
	objectVersion = 46;
	objects = {

/* Begin PBXBuildFile section */
		C257E8641BCF46BF00DBF165 /* main.m in Sources */ = {isa = PBXBuildFile; fileRef = C257E8631BCF46BF00DBF165 /* main.m */; };
		C257E8671BCF46BF00DBF165 /* AppDelegate.m in Sources */ = {isa = PBXBuildFile; fileRef = C257E8661BCF46BF00DBF165 /* AppDelegate.m */; };
		C257E86D1BCF46C000DBF165 /* Main.storyboard in Resources */ = {isa = PBXBuildFile; fileRef = C257E86B1BCF46C000DBF165 /* Main.storyboard */; };
		C257E86F1BCF46C000DBF165 /* Images.xcassets in Resources */ = {isa = PBXBuildFile; fileRef = C257E86E1BCF46C000DBF165 /* Images.xcassets */; };
		C257E87E1BCF46C000DBF165 /* DayNoteTests.m in Sources */ = {isa = PBXBuildFile; fileRef = C257E87D1BCF46C000DBF165 /* DayNoteTests.m */; };
		C257E8891BCF471A00DBF165 /* CalendarViewController.m in Sources */ = {isa = PBXBuildFile; fileRef = C257E8881BCF471A00DBF165 /* CalendarViewController.m */; };
		C257E88C1BCF475600DBF165 /* CalendarView.m in Sources */ = {isa = PBXBuildFile; fileRef = C257E88B1BCF475600DBF165 /* CalendarView.m */; };
		C257E8BB1BCF4F5C00DBF165 /* SignInViewController.m in Sources */ = {isa = PBXBuildFile; fileRef = C257E8BA1BCF4F5C00DBF165 /* SignInViewController.m */; };
		C257E8D71BCF524F00DBF165 /* SignView.m in Sources */ = {isa = PBXBuildFile; fileRef = C257E8D61BCF524F00DBF165 /* SignView.m */; };
		C257E8DF1BCF6F7D00DBF165 /* SetTableViewController.m in Sources */ = {isa = PBXBuildFile; fileRef = C257E8DE1BCF6F7D00DBF165 /* SetTableViewController.m */; };
		C257E8E21BCF706600DBF165 /* SetTableViewCell.m in Sources */ = {isa = PBXBuildFile; fileRef = C257E8E11BCF706600DBF165 /* SetTableViewCell.m */; };
		C2C851E71BD0E25500E7EEA0 /* CKCalendarView.m in Sources */ = {isa = PBXBuildFile; fileRef = C2C851E61BD0E25500E7EEA0 /* CKCalendarView.m */; };
		C2C851ED1BD0E27000E7EEA0 /* left_arrow.png in Resources */ = {isa = PBXBuildFile; fileRef = C2C851E91BD0E27000E7EEA0 /* left_arrow.png */; };
		C2C851EE1BD0E27000E7EEA0 /* left_arrow@2x.png in Resources */ = {isa = PBXBuildFile; fileRef = C2C851EA1BD0E27000E7EEA0 /* left_arrow@2x.png */; };
		C2C851EF1BD0E27000E7EEA0 /* right_arrow.png in Resources */ = {isa = PBXBuildFile; fileRef = C2C851EB1BD0E27000E7EEA0 /* right_arrow.png */; };
		C2C851F01BD0E27000E7EEA0 /* right_arrow@2x.png in Resources */ = {isa = PBXBuildFile; fileRef = C2C851EC1BD0E27000E7EEA0 /* right_arrow@2x.png */; };
		C2C851F51BD0E2B700E7EEA0 /* CKAppDelegate.m in Sources */ = {isa = PBXBuildFile; fileRef = C2C851F21BD0E2B700E7EEA0 /* CKAppDelegate.m */; };
		C2C851F61BD0E2B700E7EEA0 /* CKViewController.m in Sources */ = {isa = PBXBuildFile; fileRef = C2C851F41BD0E2B700E7EEA0 /* CKViewController.m */; };
		C2C851F91BD0F4E600E7EEA0 /* NoteTableViewCell.m in Sources */ = {isa = PBXBuildFile; fileRef = C2C851F81BD0F4E600E7EEA0 /* NoteTableViewCell.m */; };
/* End PBXBuildFile section */

/* Begin PBXContainerItemProxy section */
		C257E8781BCF46C000DBF165 /* PBXContainerItemProxy */ = {
			isa = PBXContainerItemProxy;
			containerPortal = C257E8561BCF46BF00DBF165 /* Project object */;
			proxyType = 1;
			remoteGlobalIDString = C257E85D1BCF46BF00DBF165;
			remoteInfo = DayNote;
		};
/* End PBXContainerItemProxy section */

/* Begin PBXFileReference section */
		C257E85E1BCF46BF00DBF165 /* DayNote.app */ = {isa = PBXFileReference; explicitFileType = wrapper.application; includeInIndex = 0; path = DayNote.app; sourceTree = BUILT_PRODUCTS_DIR; };
		C257E8621BCF46BF00DBF165 /* Info.plist */ = {isa = PBXFileReference; lastKnownFileType = text.plist.xml; path = Info.plist; sourceTree = "<group>"; };
		C257E8631BCF46BF00DBF165 /* main.m */ = {isa = PBXFileReference; lastKnownFileType = sourcecode.c.objc; path = main.m; sourceTree = "<group>"; };
		C257E8651BCF46BF00DBF165 /* AppDelegate.h */ = {isa = PBXFileReference; lastKnownFileType = sourcecode.c.h; name = AppDelegate.h; path = ../../AppDelegate.h; sourceTree = "<group>"; };
		C257E8661BCF46BF00DBF165 /* AppDelegate.m */ = {isa = PBXFileReference; lastKnownFileType = sourcecode.c.objc; name = AppDelegate.m; path = ../../AppDelegate.m; sourceTree = "<group>"; };
		C257E86C1BCF46C000DBF165 /* Base */ = {isa = PBXFileReference; lastKnownFileType = file.storyboard; name = Base; path = Base.lproj/Main.storyboard; sourceTree = "<group>"; };
		C257E86E1BCF46C000DBF165 /* Images.xcassets */ = {isa = PBXFileReference; lastKnownFileType = folder.assetcatalog; path = Images.xcassets; sourceTree = "<group>"; };
		C257E8771BCF46C000DBF165 /* DayNoteTests.xctest */ = {isa = PBXFileReference; explicitFileType = wrapper.cfbundle; includeInIndex = 0; path = DayNoteTests.xctest; sourceTree = BUILT_PRODUCTS_DIR; };
		C257E87C1BCF46C000DBF165 /* Info.plist */ = {isa = PBXFileReference; lastKnownFileType = text.plist.xml; path = Info.plist; sourceTree = "<group>"; };
		C257E87D1BCF46C000DBF165 /* DayNoteTests.m */ = {isa = PBXFileReference; lastKnownFileType = sourcecode.c.objc; path = DayNoteTests.m; sourceTree = "<group>"; };
		C257E8871BCF471A00DBF165 /* CalendarViewController.h */ = {isa = PBXFileReference; fileEncoding = 4; lastKnownFileType = sourcecode.c.h; name = CalendarViewController.h; path = ../../../CalendarViewController.h; sourceTree = "<group>"; };
		C257E8881BCF471A00DBF165 /* CalendarViewController.m */ = {isa = PBXFileReference; fileEncoding = 4; lastKnownFileType = sourcecode.c.objc; name = CalendarViewController.m; path = ../../../CalendarViewController.m; sourceTree = "<group>"; };
		C257E88A1BCF475600DBF165 /* CalendarView.h */ = {isa = PBXFileReference; fileEncoding = 4; lastKnownFileType = sourcecode.c.h; name = CalendarView.h; path = ../../../CalendarView.h; sourceTree = "<group>"; };
		C257E88B1BCF475600DBF165 /* CalendarView.m */ = {isa = PBXFileReference; fileEncoding = 4; lastKnownFileType = sourcecode.c.objc; name = CalendarView.m; path = ../../../CalendarView.m; sourceTree = "<group>"; };
		C257E8B91BCF4F5C00DBF165 /* SignInViewController.h */ = {isa = PBXFileReference; fileEncoding = 4; lastKnownFileType = sourcecode.c.h; name = SignInViewController.h; path = ../../../SignInViewController.h; sourceTree = "<group>"; };
		C257E8BA1BCF4F5C00DBF165 /* SignInViewController.m */ = {isa = PBXFileReference; fileEncoding = 4; lastKnownFileType = sourcecode.c.objc; name = SignInViewController.m; path = ../../../SignInViewController.m; sourceTree = "<group>"; };
		C257E8CF1BCF51D300DBF165 /* APPHeader.h */ = {isa = PBXFileReference; fileEncoding = 4; lastKnownFileType = sourcecode.c.h; path = APPHeader.h; sourceTree = "<group>"; };
		C257E8D01BCF51D300DBF165 /* IMPHeader.h */ = {isa = PBXFileReference; fileEncoding = 4; lastKnownFileType = sourcecode.c.h; path = IMPHeader.h; sourceTree = "<group>"; };
		C257E8D11BCF51D300DBF165 /* KEYHeader.h */ = {isa = PBXFileReference; fileEncoding = 4; lastKnownFileType = sourcecode.c.h; path = KEYHeader.h; sourceTree = "<group>"; };
		C257E8D21BCF51D300DBF165 /* URLHeader.h */ = {isa = PBXFileReference; fileEncoding = 4; lastKnownFileType = sourcecode.c.h; path = URLHeader.h; sourceTree = "<group>"; };
		C257E8D51BCF524F00DBF165 /* SignView.h */ = {isa = PBXFileReference; fileEncoding = 4; lastKnownFileType = sourcecode.c.h; path = SignView.h; sourceTree = "<group>"; };
		C257E8D61BCF524F00DBF165 /* SignView.m */ = {isa = PBXFileReference; fileEncoding = 4; lastKnownFileType = sourcecode.c.objc; path = SignView.m; sourceTree = "<group>"; };
		C257E8D91BCF55CD00DBF165 /* PrefixHeader.pch */ = {isa = PBXFileReference; fileEncoding = 4; lastKnownFileType = sourcecode.c.h; path = PrefixHeader.pch; sourceTree = "<group>"; };
		C257E8DD1BCF6F7D00DBF165 /* SetTableViewController.h */ = {isa = PBXFileReference; fileEncoding = 4; lastKnownFileType = sourcecode.c.h; path = SetTableViewController.h; sourceTree = "<group>"; };
		C257E8DE1BCF6F7D00DBF165 /* SetTableViewController.m */ = {isa = PBXFileReference; fileEncoding = 4; lastKnownFileType = sourcecode.c.objc; path = SetTableViewController.m; sourceTree = "<group>"; };
		C257E8E01BCF706600DBF165 /* SetTableViewCell.h */ = {isa = PBXFileReference; fileEncoding = 4; lastKnownFileType = sourcecode.c.h; path = SetTableViewCell.h; sourceTree = "<group>"; };
		C257E8E11BCF706600DBF165 /* SetTableViewCell.m */ = {isa = PBXFileReference; fileEncoding = 4; lastKnownFileType = sourcecode.c.objc; path = SetTableViewCell.m; sourceTree = "<group>"; };
		C2C851E51BD0E25500E7EEA0 /* CKCalendarView.h */ = {isa = PBXFileReference; fileEncoding = 4; lastKnownFileType = sourcecode.c.h; path = CKCalendarView.h; sourceTree = "<group>"; };
		C2C851E61BD0E25500E7EEA0 /* CKCalendarView.m */ = {isa = PBXFileReference; fileEncoding = 4; lastKnownFileType = sourcecode.c.objc; path = CKCalendarView.m; sourceTree = "<group>"; };
		C2C851E91BD0E27000E7EEA0 /* left_arrow.png */ = {isa = PBXFileReference; lastKnownFileType = image.png; path = left_arrow.png; sourceTree = "<group>"; };
		C2C851EA1BD0E27000E7EEA0 /* left_arrow@2x.png */ = {isa = PBXFileReference; lastKnownFileType = image.png; path = "left_arrow@2x.png"; sourceTree = "<group>"; };
		C2C851EB1BD0E27000E7EEA0 /* right_arrow.png */ = {isa = PBXFileReference; lastKnownFileType = image.png; path = right_arrow.png; sourceTree = "<group>"; };
		C2C851EC1BD0E27000E7EEA0 /* right_arrow@2x.png */ = {isa = PBXFileReference; lastKnownFileType = image.png; path = "right_arrow@2x.png"; sourceTree = "<group>"; };
		C2C851F11BD0E2B700E7EEA0 /* CKAppDelegate.h */ = {isa = PBXFileReference; fileEncoding = 4; lastKnownFileType = sourcecode.c.h; path = CKAppDelegate.h; sourceTree = "<group>"; };
		C2C851F21BD0E2B700E7EEA0 /* CKAppDelegate.m */ = {isa = PBXFileReference; fileEncoding = 4; lastKnownFileType = sourcecode.c.objc; path = CKAppDelegate.m; sourceTree = "<group>"; };
		C2C851F31BD0E2B700E7EEA0 /* CKViewController.h */ = {isa = PBXFileReference; fileEncoding = 4; lastKnownFileType = sourcecode.c.h; path = CKViewController.h; sourceTree = "<group>"; };
		C2C851F41BD0E2B700E7EEA0 /* CKViewController.m */ = {isa = PBXFileReference; fileEncoding = 4; lastKnownFileType = sourcecode.c.objc; path = CKViewController.m; sourceTree = "<group>"; };
		C2C851F71BD0F4E600E7EEA0 /* NoteTableViewCell.h */ = {isa = PBXFileReference; fileEncoding = 4; lastKnownFileType = sourcecode.c.h; path = NoteTableViewCell.h; sourceTree = "<group>"; };
		C2C851F81BD0F4E600E7EEA0 /* NoteTableViewCell.m */ = {isa = PBXFileReference; fileEncoding = 4; lastKnownFileType = sourcecode.c.objc; path = NoteTableViewCell.m; sourceTree = "<group>"; };
/* End PBXFileReference section */

/* Begin PBXFrameworksBuildPhase section */
		C257E85B1BCF46BF00DBF165 /* Frameworks */ = {
			isa = PBXFrameworksBuildPhase;
			buildActionMask = 2147483647;
			files = (
			);
			runOnlyForDeploymentPostprocessing = 0;
		};
		C257E8741BCF46C000DBF165 /* Frameworks */ = {
			isa = PBXFrameworksBuildPhase;
			buildActionMask = 2147483647;
			files = (
			);
			runOnlyForDeploymentPostprocessing = 0;
		};
/* End PBXFrameworksBuildPhase section */

/* Begin PBXGroup section */
		C257E8551BCF46BF00DBF165 = {
			isa = PBXGroup;
			children = (
				C257E8601BCF46BF00DBF165 /* DayNote */,
				C257E87A1BCF46C000DBF165 /* DayNoteTests */,
				C257E85F1BCF46BF00DBF165 /* Products */,
			);
			sourceTree = "<group>";
		};
		C257E85F1BCF46BF00DBF165 /* Products */ = {
			isa = PBXGroup;
			children = (
				C257E85E1BCF46BF00DBF165 /* DayNote.app */,
				C257E8771BCF46C000DBF165 /* DayNoteTests.xctest */,
			);
			name = Products;
			sourceTree = "<group>";
		};
		C257E8601BCF46BF00DBF165 /* DayNote */ = {
			isa = PBXGroup;
			children = (
				C257E8C21BCF51D300DBF165 /* Source */,
				C257E86B1BCF46C000DBF165 /* Main.storyboard */,
				C257E86E1BCF46C000DBF165 /* Images.xcassets */,
				C257E8D91BCF55CD00DBF165 /* PrefixHeader.pch */,
				C2C851E81BD0E27000E7EEA0 /* resources */,
				C257E8611BCF46BF00DBF165 /* Supporting Files */,
			);
			path = DayNote;
			sourceTree = "<group>";
		};
		C257E8611BCF46BF00DBF165 /* Supporting Files */ = {
			isa = PBXGroup;
			children = (
				C257E8621BCF46BF00DBF165 /* Info.plist */,
				C257E8631BCF46BF00DBF165 /* main.m */,
			);
			name = "Supporting Files";
			sourceTree = "<group>";
		};
		C257E87A1BCF46C000DBF165 /* DayNoteTests */ = {
			isa = PBXGroup;
			children = (
				C257E87D1BCF46C000DBF165 /* DayNoteTests.m */,
				C257E87B1BCF46C000DBF165 /* Supporting Files */,
			);
			path = DayNoteTests;
			sourceTree = "<group>";
		};
		C257E87B1BCF46C000DBF165 /* Supporting Files */ = {
			isa = PBXGroup;
			children = (
				C257E87C1BCF46C000DBF165 /* Info.plist */,
			);
			name = "Supporting Files";
			sourceTree = "<group>";
		};
		C257E8C21BCF51D300DBF165 /* Source */ = {
			isa = PBXGroup;
			children = (
				C257E8C31BCF51D300DBF165 /* Application */,
				C257E8C41BCF51D300DBF165 /* BaseClass */,
				C257E8C51BCF51D300DBF165 /* CodeClass */,
				C257E8C91BCF51D300DBF165 /* DataBase */,
				C257E8CA1BCF51D300DBF165 /* EnNetWork */,
				C257E8CB1BCF51D300DBF165 /* Framework */,
				C257E8CC1BCF51D300DBF165 /* Global */,
				C257E8CD1BCF51D300DBF165 /* Helper */,
				C257E8CE1BCF51D300DBF165 /* Macro */,
				C257E8D31BCF51D300DBF165 /* Resources */,
				C257E8D41BCF51D300DBF165 /* TheThird */,
			);
			path = Source;
			sourceTree = "<group>";
		};
		C257E8C31BCF51D300DBF165 /* Application */ = {
			isa = PBXGroup;
			children = (
				C257E8651BCF46BF00DBF165 /* AppDelegate.h */,
				C257E8661BCF46BF00DBF165 /* AppDelegate.m */,
			);
			path = Application;
			sourceTree = "<group>";
		};
		C257E8C41BCF51D300DBF165 /* BaseClass */ = {
			isa = PBXGroup;
			children = (
			);
			path = BaseClass;
			sourceTree = "<group>";
		};
		C257E8C51BCF51D300DBF165 /* CodeClass */ = {
			isa = PBXGroup;
			children = (
				C257E8C61BCF51D300DBF165 /* controller */,
				C257E8C71BCF51D300DBF165 /* model */,
				C2C851E41BD0E23800E7EEA0 /* Calendar */,
				C257E8C81BCF51D300DBF165 /* view */,
			);
			path = CodeClass;
			sourceTree = "<group>";
		};
		C257E8C61BCF51D300DBF165 /* controller */ = {
			isa = PBXGroup;
			children = (
				C257E8871BCF471A00DBF165 /* CalendarViewController.h */,
				C257E8881BCF471A00DBF165 /* CalendarViewController.m */,
				C257E8B91BCF4F5C00DBF165 /* SignInViewController.h */,
				C257E8BA1BCF4F5C00DBF165 /* SignInViewController.m */,
				C257E8DD1BCF6F7D00DBF165 /* SetTableViewController.h */,
				C257E8DE1BCF6F7D00DBF165 /* SetTableViewController.m */,
			);
			path = controller;
			sourceTree = "<group>";
		};
		C257E8C71BCF51D300DBF165 /* model */ = {
			isa = PBXGroup;
			children = (
			);
			path = model;
			sourceTree = "<group>";
		};
		C257E8C81BCF51D300DBF165 /* view */ = {
			isa = PBXGroup;
			children = (
				C257E8D51BCF524F00DBF165 /* SignView.h */,
				C257E8D61BCF524F00DBF165 /* SignView.m */,
				C257E8E01BCF706600DBF165 /* SetTableViewCell.h */,
				C257E8E11BCF706600DBF165 /* SetTableViewCell.m */,
				C257E88A1BCF475600DBF165 /* CalendarView.h */,
				C257E88B1BCF475600DBF165 /* CalendarView.m */,
			);
			path = view;
			sourceTree = "<group>";
		};
		C257E8C91BCF51D300DBF165 /* DataBase */ = {
			isa = PBXGroup;
			children = (
			);
			path = DataBase;
			sourceTree = "<group>";
		};
		C257E8CA1BCF51D300DBF165 /* EnNetWork */ = {
			isa = PBXGroup;
			children = (
			);
			path = EnNetWork;
			sourceTree = "<group>";
		};
		C257E8CB1BCF51D300DBF165 /* Framework */ = {
			isa = PBXGroup;
			children = (
			);
			path = Framework;
			sourceTree = "<group>";
		};
		C257E8CC1BCF51D300DBF165 /* Global */ = {
			isa = PBXGroup;
			children = (
			);
			path = Global;
			sourceTree = "<group>";
		};
		C257E8CD1BCF51D300DBF165 /* Helper */ = {
			isa = PBXGroup;
			children = (
			);
			path = Helper;
			sourceTree = "<group>";
		};
		C257E8CE1BCF51D300DBF165 /* Macro */ = {
			isa = PBXGroup;
			children = (
				C257E8CF1BCF51D300DBF165 /* APPHeader.h */,
				C257E8D01BCF51D300DBF165 /* IMPHeader.h */,
				C257E8D11BCF51D300DBF165 /* KEYHeader.h */,
				C257E8D21BCF51D300DBF165 /* URLHeader.h */,
			);
			path = Macro;
			sourceTree = "<group>";
		};
		C257E8D31BCF51D300DBF165 /* Resources */ = {
			isa = PBXGroup;
			children = (
			);
			path = Resources;
			sourceTree = "<group>";
		};
		C257E8D41BCF51D300DBF165 /* TheThird */ = {
			isa = PBXGroup;
			children = (
			);
			path = TheThird;
			sourceTree = "<group>";
		};
		C2C851E41BD0E23800E7EEA0 /* Calendar */ = {
			isa = PBXGroup;
			children = (
				C2C851E51BD0E25500E7EEA0 /* CKCalendarView.h */,
				C2C851E61BD0E25500E7EEA0 /* CKCalendarView.m */,
				C2C851F11BD0E2B700E7EEA0 /* CKAppDelegate.h */,
				C2C851F21BD0E2B700E7EEA0 /* CKAppDelegate.m */,
				C2C851F31BD0E2B700E7EEA0 /* CKViewController.h */,
				C2C851F41BD0E2B700E7EEA0 /* CKViewController.m */,
				C2C851F71BD0F4E600E7EEA0 /* NoteTableViewCell.h */,
				C2C851F81BD0F4E600E7EEA0 /* NoteTableViewCell.m */,
			);
			name = Calendar;
			path = view;
			sourceTree = "<group>";
		};
		C2C851E81BD0E27000E7EEA0 /* resources */ = {
			isa = PBXGroup;
			children = (
				C2C851E91BD0E27000E7EEA0 /* left_arrow.png */,
				C2C851EA1BD0E27000E7EEA0 /* left_arrow@2x.png */,
				C2C851EB1BD0E27000E7EEA0 /* right_arrow.png */,
				C2C851EC1BD0E27000E7EEA0 /* right_arrow@2x.png */,
			);
			path = resources;
			sourceTree = "<group>";
		};
/* End PBXGroup section */

/* Begin PBXNativeTarget section */
		C257E85D1BCF46BF00DBF165 /* DayNote */ = {
			isa = PBXNativeTarget;
			buildConfigurationList = C257E8811BCF46C000DBF165 /* Build configuration list for PBXNativeTarget "DayNote" */;
			buildPhases = (
				C257E85A1BCF46BF00DBF165 /* Sources */,
				C257E85B1BCF46BF00DBF165 /* Frameworks */,
				C257E85C1BCF46BF00DBF165 /* Resources */,
			);
			buildRules = (
			);
			dependencies = (
			);
			name = DayNote;
			productName = DayNote;
			productReference = C257E85E1BCF46BF00DBF165 /* DayNote.app */;
			productType = "com.apple.product-type.application";
		};
		C257E8761BCF46C000DBF165 /* DayNoteTests */ = {
			isa = PBXNativeTarget;
			buildConfigurationList = C257E8841BCF46C000DBF165 /* Build configuration list for PBXNativeTarget "DayNoteTests" */;
			buildPhases = (
				C257E8731BCF46C000DBF165 /* Sources */,
				C257E8741BCF46C000DBF165 /* Frameworks */,
				C257E8751BCF46C000DBF165 /* Resources */,
			);
			buildRules = (
			);
			dependencies = (
				C257E8791BCF46C000DBF165 /* PBXTargetDependency */,
			);
			name = DayNoteTests;
			productName = DayNoteTests;
			productReference = C257E8771BCF46C000DBF165 /* DayNoteTests.xctest */;
			productType = "com.apple.product-type.bundle.unit-test";
		};
/* End PBXNativeTarget section */

/* Begin PBXProject section */
		C257E8561BCF46BF00DBF165 /* Project object */ = {
			isa = PBXProject;
			attributes = {
				LastUpgradeCheck = 0640;
				ORGANIZATIONNAME = "刘晓阳";
				TargetAttributes = {
					C257E85D1BCF46BF00DBF165 = {
						CreatedOnToolsVersion = 6.4;
					};
					C257E8761BCF46C000DBF165 = {
						CreatedOnToolsVersion = 6.4;
						TestTargetID = C257E85D1BCF46BF00DBF165;
					};
				};
			};
			buildConfigurationList = C257E8591BCF46BF00DBF165 /* Build configuration list for PBXProject "DayNote" */;
			compatibilityVersion = "Xcode 3.2";
			developmentRegion = English;
			hasScannedForEncodings = 0;
			knownRegions = (
				en,
				Base,
			);
			mainGroup = C257E8551BCF46BF00DBF165;
			productRefGroup = C257E85F1BCF46BF00DBF165 /* Products */;
			projectDirPath = "";
			projectRoot = "";
			targets = (
				C257E85D1BCF46BF00DBF165 /* DayNote */,
				C257E8761BCF46C000DBF165 /* DayNoteTests */,
			);
		};
/* End PBXProject section */

/* Begin PBXResourcesBuildPhase section */
		C257E85C1BCF46BF00DBF165 /* Resources */ = {
			isa = PBXResourcesBuildPhase;
			buildActionMask = 2147483647;
			files = (
				C2C851ED1BD0E27000E7EEA0 /* left_arrow.png in Resources */,
				C257E86D1BCF46C000DBF165 /* Main.storyboard in Resources */,
				C257E86F1BCF46C000DBF165 /* Images.xcassets in Resources */,
				C2C851EF1BD0E27000E7EEA0 /* right_arrow.png in Resources */,
				C2C851EE1BD0E27000E7EEA0 /* left_arrow@2x.png in Resources */,
				C2C851F01BD0E27000E7EEA0 /* right_arrow@2x.png in Resources */,
			);
			runOnlyForDeploymentPostprocessing = 0;
		};
		C257E8751BCF46C000DBF165 /* Resources */ = {
			isa = PBXResourcesBuildPhase;
			buildActionMask = 2147483647;
			files = (
			);
			runOnlyForDeploymentPostprocessing = 0;
		};
/* End PBXResourcesBuildPhase section */

/* Begin PBXSourcesBuildPhase section */
		C257E85A1BCF46BF00DBF165 /* Sources */ = {
			isa = PBXSourcesBuildPhase;
			buildActionMask = 2147483647;
			files = (
				C257E8BB1BCF4F5C00DBF165 /* SignInViewController.m in Sources */,
				C2C851F61BD0E2B700E7EEA0 /* CKViewController.m in Sources */,
				C257E8671BCF46BF00DBF165 /* AppDelegate.m in Sources */,
				C2C851F91BD0F4E600E7EEA0 /* NoteTableViewCell.m in Sources */,
				C257E8891BCF471A00DBF165 /* CalendarViewController.m in Sources */,
				C257E88C1BCF475600DBF165 /* CalendarView.m in Sources */,
				C257E8E21BCF706600DBF165 /* SetTableViewCell.m in Sources */,
				C257E8DF1BCF6F7D00DBF165 /* SetTableViewController.m in Sources */,
				C2C851F51BD0E2B700E7EEA0 /* CKAppDelegate.m in Sources */,
				C2C851E71BD0E25500E7EEA0 /* CKCalendarView.m in Sources */,
				C257E8641BCF46BF00DBF165 /* main.m in Sources */,
				C257E8D71BCF524F00DBF165 /* SignView.m in Sources */,
			);
			runOnlyForDeploymentPostprocessing = 0;
		};
		C257E8731BCF46C000DBF165 /* Sources */ = {
			isa = PBXSourcesBuildPhase;
			buildActionMask = 2147483647;
			files = (
				C257E87E1BCF46C000DBF165 /* DayNoteTests.m in Sources */,
			);
			runOnlyForDeploymentPostprocessing = 0;
		};
/* End PBXSourcesBuildPhase section */

/* Begin PBXTargetDependency section */
		C257E8791BCF46C000DBF165 /* PBXTargetDependency */ = {
			isa = PBXTargetDependency;
			target = C257E85D1BCF46BF00DBF165 /* DayNote */;
			targetProxy = C257E8781BCF46C000DBF165 /* PBXContainerItemProxy */;
		};
/* End PBXTargetDependency section */

/* Begin PBXVariantGroup section */
		C257E86B1BCF46C000DBF165 /* Main.storyboard */ = {
			isa = PBXVariantGroup;
			children = (
				C257E86C1BCF46C000DBF165 /* Base */,
			);
			name = Main.storyboard;
			sourceTree = "<group>";
		};
/* End PBXVariantGroup section */

/* Begin XCBuildConfiguration section */
		C257E87F1BCF46C000DBF165 /* Debug */ = {
			isa = XCBuildConfiguration;
			buildSettings = {
				ALWAYS_SEARCH_USER_PATHS = NO;
				CLANG_CXX_LANGUAGE_STANDARD = "gnu++0x";
				CLANG_CXX_LIBRARY = "libc++";
				CLANG_ENABLE_MODULES = YES;
				CLANG_ENABLE_OBJC_ARC = YES;
				CLANG_WARN_BOOL_CONVERSION = YES;
				CLANG_WARN_CONSTANT_CONVERSION = YES;
				CLANG_WARN_DIRECT_OBJC_ISA_USAGE = YES_ERROR;
				CLANG_WARN_EMPTY_BODY = YES;
				CLANG_WARN_ENUM_CONVERSION = YES;
				CLANG_WARN_INT_CONVERSION = YES;
				CLANG_WARN_OBJC_ROOT_CLASS = YES_ERROR;
				CLANG_WARN_UNREACHABLE_CODE = YES;
				CLANG_WARN__DUPLICATE_METHOD_MATCH = YES;
				"CODE_SIGN_IDENTITY[sdk=iphoneos*]" = "iPhone Developer";
				COPY_PHASE_STRIP = NO;
				DEBUG_INFORMATION_FORMAT = "dwarf-with-dsym";
				ENABLE_STRICT_OBJC_MSGSEND = YES;
				GCC_C_LANGUAGE_STANDARD = gnu99;
				GCC_DYNAMIC_NO_PIC = NO;
				GCC_NO_COMMON_BLOCKS = YES;
				GCC_OPTIMIZATION_LEVEL = 0;
				GCC_PREPROCESSOR_DEFINITIONS = (
					"DEBUG=1",
					"$(inherited)",
				);
				GCC_SYMBOLS_PRIVATE_EXTERN = NO;
				GCC_WARN_64_TO_32_BIT_CONVERSION = YES;
				GCC_WARN_ABOUT_RETURN_TYPE = YES_ERROR;
				GCC_WARN_UNDECLARED_SELECTOR = YES;
				GCC_WARN_UNINITIALIZED_AUTOS = YES_AGGRESSIVE;
				GCC_WARN_UNUSED_FUNCTION = YES;
				GCC_WARN_UNUSED_VARIABLE = YES;
				IPHONEOS_DEPLOYMENT_TARGET = 8.4;
				MTL_ENABLE_DEBUG_INFO = YES;
				ONLY_ACTIVE_ARCH = YES;
				SDKROOT = iphoneos;
			};
			name = Debug;
		};
		C257E8801BCF46C000DBF165 /* Release */ = {
			isa = XCBuildConfiguration;
			buildSettings = {
				ALWAYS_SEARCH_USER_PATHS = NO;
				CLANG_CXX_LANGUAGE_STANDARD = "gnu++0x";
				CLANG_CXX_LIBRARY = "libc++";
				CLANG_ENABLE_MODULES = YES;
				CLANG_ENABLE_OBJC_ARC = YES;
				CLANG_WARN_BOOL_CONVERSION = YES;
				CLANG_WARN_CONSTANT_CONVERSION = YES;
				CLANG_WARN_DIRECT_OBJC_ISA_USAGE = YES_ERROR;
				CLANG_WARN_EMPTY_BODY = YES;
				CLANG_WARN_ENUM_CONVERSION = YES;
				CLANG_WARN_INT_CONVERSION = YES;
				CLANG_WARN_OBJC_ROOT_CLASS = YES_ERROR;
				CLANG_WARN_UNREACHABLE_CODE = YES;
				CLANG_WARN__DUPLICATE_METHOD_MATCH = YES;
				"CODE_SIGN_IDENTITY[sdk=iphoneos*]" = "iPhone Developer";
				COPY_PHASE_STRIP = NO;
				DEBUG_INFORMATION_FORMAT = "dwarf-with-dsym";
				ENABLE_NS_ASSERTIONS = NO;
				ENABLE_STRICT_OBJC_MSGSEND = YES;
				GCC_C_LANGUAGE_STANDARD = gnu99;
				GCC_NO_COMMON_BLOCKS = YES;
				GCC_WARN_64_TO_32_BIT_CONVERSION = YES;
				GCC_WARN_ABOUT_RETURN_TYPE = YES_ERROR;
				GCC_WARN_UNDECLARED_SELECTOR = YES;
				GCC_WARN_UNINITIALIZED_AUTOS = YES_AGGRESSIVE;
				GCC_WARN_UNUSED_FUNCTION = YES;
				GCC_WARN_UNUSED_VARIABLE = YES;
				IPHONEOS_DEPLOYMENT_TARGET = 8.4;
				MTL_ENABLE_DEBUG_INFO = NO;
				SDKROOT = iphoneos;
				VALIDATE_PRODUCT = YES;
			};
			name = Release;
		};
		C257E8821BCF46C000DBF165 /* Debug */ = {
			isa = XCBuildConfiguration;
			buildSettings = {
				ASSETCATALOG_COMPILER_APPICON_NAME = AppIcon;
				FRAMEWORK_SEARCH_PATHS = (
					"$(inherited)",
					/Users/lanou3g/.Trash,
					/Users/lanou3g/Desktop/iOS,
					"3/release-v3.1.5.2/AVOSCloud/Dynamic",
					/Users/lanou3g/Desktop/iOS,
					"3/release-v3.1.5.2/AVOSCloud/Static",
					"/Users/lanou3g/Desktop/iOS/release-v3.1.5.2/AVOSCloud/Dynamic",
					"/Users/lanou3g/Desktop/iOS/release-v3.1.5.2/AVOSCloud/Static",
				);
				GCC_INCREASE_PRECOMPILED_HEADER_SHARING = NO;
				GCC_PRECOMPILE_PREFIX_HEADER = YES;
				GCC_PREFIX_HEADER = "$(SRCROOT)/DayNote/PrefixHeader.pch";
				INFOPLIST_FILE = DayNote/Info.plist;
				IPHONEOS_DEPLOYMENT_TARGET = 8.4;
				LD_RUNPATH_SEARCH_PATHS = "$(inherited) @executable_path/Frameworks";
				MACH_O_TYPE = mh_execute;
				OTHER_LDFLAGS = "";
				PRODUCT_NAME = "$(TARGET_NAME)";
			};
			name = Debug;
		};
		C257E8831BCF46C000DBF165 /* Release */ = {
			isa = XCBuildConfiguration;
			buildSettings = {
				ASSETCATALOG_COMPILER_APPICON_NAME = AppIcon;
				FRAMEWORK_SEARCH_PATHS = (
					"$(inherited)",
					/Users/lanou3g/.Trash,
					/Users/lanou3g/Desktop/iOS,
					"3/release-v3.1.5.2/AVOSCloud/Dynamic",
					/Users/lanou3g/Desktop/iOS,
					"3/release-v3.1.5.2/AVOSCloud/Static",
					"/Users/lanou3g/Desktop/iOS/release-v3.1.5.2/AVOSCloud/Dynamic",
					"/Users/lanou3g/Desktop/iOS/release-v3.1.5.2/AVOSCloud/Static",
				);
				GCC_INCREASE_PRECOMPILED_HEADER_SHARING = NO;
				GCC_PRECOMPILE_PREFIX_HEADER = YES;
				GCC_PREFIX_HEADER = "$(SRCROOT)/DayNote/PrefixHeader.pch";
				INFOPLIST_FILE = DayNote/Info.plist;
				IPHONEOS_DEPLOYMENT_TARGET = 8.4;
				LD_RUNPATH_SEARCH_PATHS = "$(inherited) @executable_path/Frameworks";
				MACH_O_TYPE = mh_execute;
				OTHER_LDFLAGS = "";
				PRODUCT_NAME = "$(TARGET_NAME)";
			};
			name = Release;
		};
		C257E8851BCF46C000DBF165 /* Debug */ = {
			isa = XCBuildConfiguration;
			buildSettings = {
				BUNDLE_LOADER = "$(TEST_HOST)";
				FRAMEWORK_SEARCH_PATHS = (
					"$(SDKROOT)/Developer/Library/Frameworks",
					"$(inherited)",
				);
				GCC_PREPROCESSOR_DEFINITIONS = (
					"DEBUG=1",
					"$(inherited)",
				);
				INFOPLIST_FILE = DayNoteTests/Info.plist;
				LD_RUNPATH_SEARCH_PATHS = "$(inherited) @executable_path/Frameworks @loader_path/Frameworks";
				PRODUCT_NAME = "$(TARGET_NAME)";
				TEST_HOST = "$(BUILT_PRODUCTS_DIR)/DayNote.app/DayNote";
			};
			name = Debug;
		};
		C257E8861BCF46C000DBF165 /* Release */ = {
			isa = XCBuildConfiguration;
			buildSettings = {
				BUNDLE_LOADER = "$(TEST_HOST)";
				FRAMEWORK_SEARCH_PATHS = (
					"$(SDKROOT)/Developer/Library/Frameworks",
					"$(inherited)",
				);
				INFOPLIST_FILE = DayNoteTests/Info.plist;
				LD_RUNPATH_SEARCH_PATHS = "$(inherited) @executable_path/Frameworks @loader_path/Frameworks";
				PRODUCT_NAME = "$(TARGET_NAME)";
				TEST_HOST = "$(BUILT_PRODUCTS_DIR)/DayNote.app/DayNote";
			};
			name = Release;
		};
/* End XCBuildConfiguration section */

/* Begin XCConfigurationList section */
		C257E8591BCF46BF00DBF165 /* Build configuration list for PBXProject "DayNote" */ = {
			isa = XCConfigurationList;
			buildConfigurations = (
				C257E87F1BCF46C000DBF165 /* Debug */,
				C257E8801BCF46C000DBF165 /* Release */,
			);
			defaultConfigurationIsVisible = 0;
			defaultConfigurationName = Release;
		};
		C257E8811BCF46C000DBF165 /* Build configuration list for PBXNativeTarget "DayNote" */ = {
			isa = XCConfigurationList;
			buildConfigurations = (
				C257E8821BCF46C000DBF165 /* Debug */,
				C257E8831BCF46C000DBF165 /* Release */,
			);
			defaultConfigurationIsVisible = 0;
			defaultConfigurationName = Release;
		};
		C257E8841BCF46C000DBF165 /* Build configuration list for PBXNativeTarget "DayNoteTests" */ = {
			isa = XCConfigurationList;
			buildConfigurations = (
				C257E8851BCF46C000DBF165 /* Debug */,
				C257E8861BCF46C000DBF165 /* Release */,
			);
			defaultConfigurationIsVisible = 0;
			defaultConfigurationName = Release;
		};
/* End XCConfigurationList section */
	};
	rootObject = C257E8561BCF46BF00DBF165 /* Project object */;
}
