// !$*UTF8*$!
{
	archiveVersion = 1;
	classes = {
	};
	objectVersion = 46;
	objects = {

/* Begin PBXBuildFile section */
		C20405FA1BD0A0CE002BE9D0 /* FUIAlertView.m in Sources */ = {isa = PBXBuildFile; fileRef = C20405D31BD0A0CE002BE9D0 /* FUIAlertView.m */; };
		C20405FB1BD0A0CE002BE9D0 /* FUIButton.m in Sources */ = {isa = PBXBuildFile; fileRef = C20405D51BD0A0CE002BE9D0 /* FUIButton.m */; };
		C20405FC1BD0A0CE002BE9D0 /* FUICellBackgroundView.m in Sources */ = {isa = PBXBuildFile; fileRef = C20405D71BD0A0CE002BE9D0 /* FUICellBackgroundView.m */; };
		C20405FD1BD0A0CE002BE9D0 /* FUIPopoverBackgroundView.m in Sources */ = {isa = PBXBuildFile; fileRef = C20405D91BD0A0CE002BE9D0 /* FUIPopoverBackgroundView.m */; };
		C20405FE1BD0A0CE002BE9D0 /* FUISegmentedControl.m in Sources */ = {isa = PBXBuildFile; fileRef = C20405DB1BD0A0CE002BE9D0 /* FUISegmentedControl.m */; };
		C20405FF1BD0A0CE002BE9D0 /* FUISwitch.m in Sources */ = {isa = PBXBuildFile; fileRef = C20405DD1BD0A0CE002BE9D0 /* FUISwitch.m */; };
		C20406001BD0A0CE002BE9D0 /* FUITextField.m in Sources */ = {isa = PBXBuildFile; fileRef = C20405DF1BD0A0CE002BE9D0 /* FUITextField.m */; };
		C20406011BD0A0CE002BE9D0 /* NSString+Icons.m in Sources */ = {isa = PBXBuildFile; fileRef = C20405E11BD0A0CE002BE9D0 /* NSString+Icons.m */; };
		C20406021BD0A0CE002BE9D0 /* UIBarButtonItem+FlatUI.m in Sources */ = {isa = PBXBuildFile; fileRef = C20405E31BD0A0CE002BE9D0 /* UIBarButtonItem+FlatUI.m */; };
		C20406031BD0A0CE002BE9D0 /* UIColor+FlatUI.m in Sources */ = {isa = PBXBuildFile; fileRef = C20405E51BD0A0CE002BE9D0 /* UIColor+FlatUI.m */; };
		C20406041BD0A0CE002BE9D0 /* UIFont+FlatUI.m in Sources */ = {isa = PBXBuildFile; fileRef = C20405E71BD0A0CE002BE9D0 /* UIFont+FlatUI.m */; };
		C20406051BD0A0CE002BE9D0 /* UIImage+FlatUI.m in Sources */ = {isa = PBXBuildFile; fileRef = C20405E91BD0A0CE002BE9D0 /* UIImage+FlatUI.m */; };
		C20406061BD0A0CE002BE9D0 /* UINavigationBar+FlatUI.m in Sources */ = {isa = PBXBuildFile; fileRef = C20405EB1BD0A0CE002BE9D0 /* UINavigationBar+FlatUI.m */; };
		C20406071BD0A0CE002BE9D0 /* UIPopoverController+FlatUI.m in Sources */ = {isa = PBXBuildFile; fileRef = C20405ED1BD0A0CE002BE9D0 /* UIPopoverController+FlatUI.m */; };
		C20406081BD0A0CE002BE9D0 /* UIProgressView+FlatUI.m in Sources */ = {isa = PBXBuildFile; fileRef = C20405EF1BD0A0CE002BE9D0 /* UIProgressView+FlatUI.m */; };
		C20406091BD0A0CE002BE9D0 /* UISlider+FlatUI.m in Sources */ = {isa = PBXBuildFile; fileRef = C20405F11BD0A0CE002BE9D0 /* UISlider+FlatUI.m */; };
		C204060A1BD0A0CE002BE9D0 /* UIStepper+FlatUI.m in Sources */ = {isa = PBXBuildFile; fileRef = C20405F31BD0A0CE002BE9D0 /* UIStepper+FlatUI.m */; };
		C204060B1BD0A0CE002BE9D0 /* UITabBar+FlatUI.m in Sources */ = {isa = PBXBuildFile; fileRef = C20405F51BD0A0CE002BE9D0 /* UITabBar+FlatUI.m */; };
		C204060C1BD0A0CE002BE9D0 /* UITableViewCell+FlatUI.m in Sources */ = {isa = PBXBuildFile; fileRef = C20405F71BD0A0CE002BE9D0 /* UITableViewCell+FlatUI.m */; };
		C204060D1BD0A0CE002BE9D0 /* UIToolbar+FlatUI.m in Sources */ = {isa = PBXBuildFile; fileRef = C20405F91BD0A0CE002BE9D0 /* UIToolbar+FlatUI.m */; };
		C217E4B91BD0A17300D5F866 /* Chameleon_.m in Sources */ = {isa = PBXBuildFile; fileRef = C217E4A21BD0A17300D5F866 /* Chameleon_.m */; };
		C217E4BA1BD0A17300D5F866 /* ChameleonConstants.m in Sources */ = {isa = PBXBuildFile; fileRef = C217E4A41BD0A17300D5F866 /* ChameleonConstants.m */; };
		C217E4BB1BD0A17300D5F866 /* NSArray+Chameleon.m in Sources */ = {isa = PBXBuildFile; fileRef = C217E4A81BD0A17300D5F866 /* NSArray+Chameleon.m */; };
		C217E4BC1BD0A17300D5F866 /* UIButton+Chameleon.m in Sources */ = {isa = PBXBuildFile; fileRef = C217E4AA1BD0A17300D5F866 /* UIButton+Chameleon.m */; };
		C217E4BD1BD0A17300D5F866 /* UIColor+Chameleon.m in Sources */ = {isa = PBXBuildFile; fileRef = C217E4AC1BD0A17300D5F866 /* UIColor+Chameleon.m */; };
		C217E4BE1BD0A17300D5F866 /* UIColor+ChameleonPrivate.m in Sources */ = {isa = PBXBuildFile; fileRef = C217E4AE1BD0A17300D5F866 /* UIColor+ChameleonPrivate.m */; };
		C217E4BF1BD0A17300D5F866 /* UIImage+ChameleonPrivate.m in Sources */ = {isa = PBXBuildFile; fileRef = C217E4B01BD0A17300D5F866 /* UIImage+ChameleonPrivate.m */; };
		C217E4C01BD0A17300D5F866 /* UILabel+Chameleon.m in Sources */ = {isa = PBXBuildFile; fileRef = C217E4B21BD0A17300D5F866 /* UILabel+Chameleon.m */; };
		C217E4C11BD0A17300D5F866 /* UINavigationController+Chameleon.m in Sources */ = {isa = PBXBuildFile; fileRef = C217E4B41BD0A17300D5F866 /* UINavigationController+Chameleon.m */; };
		C217E4C21BD0A17300D5F866 /* UIView+ChameleonPrivate.m in Sources */ = {isa = PBXBuildFile; fileRef = C217E4B61BD0A17300D5F866 /* UIView+ChameleonPrivate.m */; };
		C217E4C31BD0A17300D5F866 /* UIViewController+Chameleon.m in Sources */ = {isa = PBXBuildFile; fileRef = C217E4B81BD0A17300D5F866 /* UIViewController+Chameleon.m */; };
		C21C85D81BCF4838004C78D2 /* main.m in Sources */ = {isa = PBXBuildFile; fileRef = C21C85D71BCF4838004C78D2 /* main.m */; };
		C21C85DB1BCF4838004C78D2 /* AppDelegate.m in Sources */ = {isa = PBXBuildFile; fileRef = C21C85DA1BCF4838004C78D2 /* AppDelegate.m */; };
		C21C85E31BCF4838004C78D2 /* Images.xcassets in Resources */ = {isa = PBXBuildFile; fileRef = C21C85E21BCF4838004C78D2 /* Images.xcassets */; };
		C21C85E61BCF4838004C78D2 /* LaunchScreen.xib in Resources */ = {isa = PBXBuildFile; fileRef = C21C85E41BCF4838004C78D2 /* LaunchScreen.xib */; };
		C21C85F21BCF4838004C78D2 /* DayNoteTests.m in Sources */ = {isa = PBXBuildFile; fileRef = C21C85F11BCF4838004C78D2 /* DayNoteTests.m */; };
		C21C86411BCF48B4004C78D2 /* CalendarViewController.m in Sources */ = {isa = PBXBuildFile; fileRef = C21C86401BCF48B4004C78D2 /* CalendarViewController.m */; };
		C21C86451BCF4F89004C78D2 /* MyDiaryTableViewController.m in Sources */ = {isa = PBXBuildFile; fileRef = C21C86441BCF4F89004C78D2 /* MyDiaryTableViewController.m */; };
		C21C86491BCF4FAF004C78D2 /* DiaryListTableViewCell.m in Sources */ = {isa = PBXBuildFile; fileRef = C21C86471BCF4FAF004C78D2 /* DiaryListTableViewCell.m */; };
		C21C864D1BCF5B4A004C78D2 /* MoodViewController.m in Sources */ = {isa = PBXBuildFile; fileRef = C21C864C1BCF5B4A004C78D2 /* MoodViewController.m */; };
		C21C86501BCF5B8D004C78D2 /* ShareViewController.m in Sources */ = {isa = PBXBuildFile; fileRef = C21C864F1BCF5B8D004C78D2 /* ShareViewController.m */; };
		C21C865F1BCF75AC004C78D2 /* AddDiaryViewController.m in Sources */ = {isa = PBXBuildFile; fileRef = C21C865E1BCF75AC004C78D2 /* AddDiaryViewController.m */; };
		C21C87091BCFBF7C004C78D2 /* ic_menu@3x.png in Resources */ = {isa = PBXBuildFile; fileRef = C21C87071BCFBF7C004C78D2 /* ic_menu@3x.png */; };
		C21C870A1BCFBF7C004C78D2 /* ic_menuRotated@3x.png in Resources */ = {isa = PBXBuildFile; fileRef = C21C87081BCFBF7C004C78D2 /* ic_menuRotated@3x.png */; };
		C21C87741BCFD61E004C78D2 /* RootTabBarViewController.m in Sources */ = {isa = PBXBuildFile; fileRef = C21C87731BCFD61E004C78D2 /* RootTabBarViewController.m */; };
		C21C87791BCFE47E004C78D2 /* PopUpBoxView.m in Sources */ = {isa = PBXBuildFile; fileRef = C21C87781BCFE47E004C78D2 /* PopUpBoxView.m */; };
		C21C877C1BCFE7C6004C78D2 /* PopUpBoxViewController.m in Sources */ = {isa = PBXBuildFile; fileRef = C21C877B1BCFE7C6004C78D2 /* PopUpBoxViewController.m */; };
		C21C87861BCFF4BA004C78D2 /* UIImage+TransformColorAndImage.m in Sources */ = {isa = PBXBuildFile; fileRef = C21C87851BCFF4BA004C78D2 /* UIImage+TransformColorAndImage.m */; };
		C21C87891BCFF75E004C78D2 /* AddDiaryView.m in Sources */ = {isa = PBXBuildFile; fileRef = C21C87881BCFF75E004C78D2 /* AddDiaryView.m */; };
		C2CFC7A61BD143650025C8D6 /* CoreData.framework in Frameworks */ = {isa = PBXBuildFile; fileRef = C2CFC7A51BD143650025C8D6 /* CoreData.framework */; };
		C2CFC7A91BD143D20025C8D6 /* DayNote.xcdatamodeld in Sources */ = {isa = PBXBuildFile; fileRef = C2CFC7A71BD143D20025C8D6 /* DayNote.xcdatamodeld */; };
		C2CFC7AC1BD149D10025C8D6 /* AllMyDiary.m in Sources */ = {isa = PBXBuildFile; fileRef = C2CFC7AB1BD149D10025C8D6 /* AllMyDiary.m */; };
		C2CFC7AF1BD14A2D0025C8D6 /* GetDataTools.m in Sources */ = {isa = PBXBuildFile; fileRef = C2CFC7AE1BD14A2D0025C8D6 /* GetDataTools.m */; };
		C2E1BE2A1BD0FE8D000A82E3 /* wrong.png in Resources */ = {isa = PBXBuildFile; fileRef = C2E1BE291BD0FE8D000A82E3 /* wrong.png */; };
		C2E1BE2E1BD10501000A82E3 /* check.png in Resources */ = {isa = PBXBuildFile; fileRef = C2E1BE2D1BD10501000A82E3 /* check.png */; };
		C2E3EF831BD1EB45006A9FCD /* ConversionWithDate.m in Sources */ = {isa = PBXBuildFile; fileRef = C2E3EF821BD1EB45006A9FCD /* ConversionWithDate.m */; };
		C2F06BC01BD0A750006D4091 /* 13133775(小).png in Resources */ = {isa = PBXBuildFile; fileRef = C2F06BBF1BD0A750006D4091 /* 13133775(小).png */; };
/* End PBXBuildFile section */

/* Begin PBXContainerItemProxy section */
		C21C85EC1BCF4838004C78D2 /* PBXContainerItemProxy */ = {
			isa = PBXContainerItemProxy;
			containerPortal = C21C85CA1BCF4838004C78D2 /* Project object */;
			proxyType = 1;
			remoteGlobalIDString = C21C85D11BCF4838004C78D2;
			remoteInfo = DayNote;
		};
/* End PBXContainerItemProxy section */

/* Begin PBXFileReference section */
		C20405D11BD0A0CE002BE9D0 /* FlatUIKit.h */ = {isa = PBXFileReference; fileEncoding = 4; lastKnownFileType = sourcecode.c.h; path = FlatUIKit.h; sourceTree = "<group>"; };
		C20405D21BD0A0CE002BE9D0 /* FUIAlertView.h */ = {isa = PBXFileReference; fileEncoding = 4; lastKnownFileType = sourcecode.c.h; path = FUIAlertView.h; sourceTree = "<group>"; };
		C20405D31BD0A0CE002BE9D0 /* FUIAlertView.m */ = {isa = PBXFileReference; fileEncoding = 4; lastKnownFileType = sourcecode.c.objc; path = FUIAlertView.m; sourceTree = "<group>"; };
		C20405D41BD0A0CE002BE9D0 /* FUIButton.h */ = {isa = PBXFileReference; fileEncoding = 4; lastKnownFileType = sourcecode.c.h; path = FUIButton.h; sourceTree = "<group>"; };
		C20405D51BD0A0CE002BE9D0 /* FUIButton.m */ = {isa = PBXFileReference; fileEncoding = 4; lastKnownFileType = sourcecode.c.objc; path = FUIButton.m; sourceTree = "<group>"; };
		C20405D61BD0A0CE002BE9D0 /* FUICellBackgroundView.h */ = {isa = PBXFileReference; fileEncoding = 4; lastKnownFileType = sourcecode.c.h; path = FUICellBackgroundView.h; sourceTree = "<group>"; };
		C20405D71BD0A0CE002BE9D0 /* FUICellBackgroundView.m */ = {isa = PBXFileReference; fileEncoding = 4; lastKnownFileType = sourcecode.c.objc; path = FUICellBackgroundView.m; sourceTree = "<group>"; };
		C20405D81BD0A0CE002BE9D0 /* FUIPopoverBackgroundView.h */ = {isa = PBXFileReference; fileEncoding = 4; lastKnownFileType = sourcecode.c.h; path = FUIPopoverBackgroundView.h; sourceTree = "<group>"; };
		C20405D91BD0A0CE002BE9D0 /* FUIPopoverBackgroundView.m */ = {isa = PBXFileReference; fileEncoding = 4; lastKnownFileType = sourcecode.c.objc; path = FUIPopoverBackgroundView.m; sourceTree = "<group>"; };
		C20405DA1BD0A0CE002BE9D0 /* FUISegmentedControl.h */ = {isa = PBXFileReference; fileEncoding = 4; lastKnownFileType = sourcecode.c.h; path = FUISegmentedControl.h; sourceTree = "<group>"; };
		C20405DB1BD0A0CE002BE9D0 /* FUISegmentedControl.m */ = {isa = PBXFileReference; fileEncoding = 4; lastKnownFileType = sourcecode.c.objc; path = FUISegmentedControl.m; sourceTree = "<group>"; };
		C20405DC1BD0A0CE002BE9D0 /* FUISwitch.h */ = {isa = PBXFileReference; fileEncoding = 4; lastKnownFileType = sourcecode.c.h; path = FUISwitch.h; sourceTree = "<group>"; };
		C20405DD1BD0A0CE002BE9D0 /* FUISwitch.m */ = {isa = PBXFileReference; fileEncoding = 4; lastKnownFileType = sourcecode.c.objc; path = FUISwitch.m; sourceTree = "<group>"; };
		C20405DE1BD0A0CE002BE9D0 /* FUITextField.h */ = {isa = PBXFileReference; fileEncoding = 4; lastKnownFileType = sourcecode.c.h; path = FUITextField.h; sourceTree = "<group>"; };
		C20405DF1BD0A0CE002BE9D0 /* FUITextField.m */ = {isa = PBXFileReference; fileEncoding = 4; lastKnownFileType = sourcecode.c.objc; path = FUITextField.m; sourceTree = "<group>"; };
		C20405E01BD0A0CE002BE9D0 /* NSString+Icons.h */ = {isa = PBXFileReference; fileEncoding = 4; lastKnownFileType = sourcecode.c.h; path = "NSString+Icons.h"; sourceTree = "<group>"; };
		C20405E11BD0A0CE002BE9D0 /* NSString+Icons.m */ = {isa = PBXFileReference; fileEncoding = 4; lastKnownFileType = sourcecode.c.objc; path = "NSString+Icons.m"; sourceTree = "<group>"; };
		C20405E21BD0A0CE002BE9D0 /* UIBarButtonItem+FlatUI.h */ = {isa = PBXFileReference; fileEncoding = 4; lastKnownFileType = sourcecode.c.h; path = "UIBarButtonItem+FlatUI.h"; sourceTree = "<group>"; };
		C20405E31BD0A0CE002BE9D0 /* UIBarButtonItem+FlatUI.m */ = {isa = PBXFileReference; fileEncoding = 4; lastKnownFileType = sourcecode.c.objc; path = "UIBarButtonItem+FlatUI.m"; sourceTree = "<group>"; };
		C20405E41BD0A0CE002BE9D0 /* UIColor+FlatUI.h */ = {isa = PBXFileReference; fileEncoding = 4; lastKnownFileType = sourcecode.c.h; path = "UIColor+FlatUI.h"; sourceTree = "<group>"; };
		C20405E51BD0A0CE002BE9D0 /* UIColor+FlatUI.m */ = {isa = PBXFileReference; fileEncoding = 4; lastKnownFileType = sourcecode.c.objc; path = "UIColor+FlatUI.m"; sourceTree = "<group>"; };
		C20405E61BD0A0CE002BE9D0 /* UIFont+FlatUI.h */ = {isa = PBXFileReference; fileEncoding = 4; lastKnownFileType = sourcecode.c.h; path = "UIFont+FlatUI.h"; sourceTree = "<group>"; };
		C20405E71BD0A0CE002BE9D0 /* UIFont+FlatUI.m */ = {isa = PBXFileReference; fileEncoding = 4; lastKnownFileType = sourcecode.c.objc; path = "UIFont+FlatUI.m"; sourceTree = "<group>"; };
		C20405E81BD0A0CE002BE9D0 /* UIImage+FlatUI.h */ = {isa = PBXFileReference; fileEncoding = 4; lastKnownFileType = sourcecode.c.h; path = "UIImage+FlatUI.h"; sourceTree = "<group>"; };
		C20405E91BD0A0CE002BE9D0 /* UIImage+FlatUI.m */ = {isa = PBXFileReference; fileEncoding = 4; lastKnownFileType = sourcecode.c.objc; path = "UIImage+FlatUI.m"; sourceTree = "<group>"; };
		C20405EA1BD0A0CE002BE9D0 /* UINavigationBar+FlatUI.h */ = {isa = PBXFileReference; fileEncoding = 4; lastKnownFileType = sourcecode.c.h; path = "UINavigationBar+FlatUI.h"; sourceTree = "<group>"; };
		C20405EB1BD0A0CE002BE9D0 /* UINavigationBar+FlatUI.m */ = {isa = PBXFileReference; fileEncoding = 4; lastKnownFileType = sourcecode.c.objc; path = "UINavigationBar+FlatUI.m"; sourceTree = "<group>"; };
		C20405EC1BD0A0CE002BE9D0 /* UIPopoverController+FlatUI.h */ = {isa = PBXFileReference; fileEncoding = 4; lastKnownFileType = sourcecode.c.h; path = "UIPopoverController+FlatUI.h"; sourceTree = "<group>"; };
		C20405ED1BD0A0CE002BE9D0 /* UIPopoverController+FlatUI.m */ = {isa = PBXFileReference; fileEncoding = 4; lastKnownFileType = sourcecode.c.objc; path = "UIPopoverController+FlatUI.m"; sourceTree = "<group>"; };
		C20405EE1BD0A0CE002BE9D0 /* UIProgressView+FlatUI.h */ = {isa = PBXFileReference; fileEncoding = 4; lastKnownFileType = sourcecode.c.h; path = "UIProgressView+FlatUI.h"; sourceTree = "<group>"; };
		C20405EF1BD0A0CE002BE9D0 /* UIProgressView+FlatUI.m */ = {isa = PBXFileReference; fileEncoding = 4; lastKnownFileType = sourcecode.c.objc; path = "UIProgressView+FlatUI.m"; sourceTree = "<group>"; };
		C20405F01BD0A0CE002BE9D0 /* UISlider+FlatUI.h */ = {isa = PBXFileReference; fileEncoding = 4; lastKnownFileType = sourcecode.c.h; path = "UISlider+FlatUI.h"; sourceTree = "<group>"; };
		C20405F11BD0A0CE002BE9D0 /* UISlider+FlatUI.m */ = {isa = PBXFileReference; fileEncoding = 4; lastKnownFileType = sourcecode.c.objc; path = "UISlider+FlatUI.m"; sourceTree = "<group>"; };
		C20405F21BD0A0CE002BE9D0 /* UIStepper+FlatUI.h */ = {isa = PBXFileReference; fileEncoding = 4; lastKnownFileType = sourcecode.c.h; path = "UIStepper+FlatUI.h"; sourceTree = "<group>"; };
		C20405F31BD0A0CE002BE9D0 /* UIStepper+FlatUI.m */ = {isa = PBXFileReference; fileEncoding = 4; lastKnownFileType = sourcecode.c.objc; path = "UIStepper+FlatUI.m"; sourceTree = "<group>"; };
		C20405F41BD0A0CE002BE9D0 /* UITabBar+FlatUI.h */ = {isa = PBXFileReference; fileEncoding = 4; lastKnownFileType = sourcecode.c.h; path = "UITabBar+FlatUI.h"; sourceTree = "<group>"; };
		C20405F51BD0A0CE002BE9D0 /* UITabBar+FlatUI.m */ = {isa = PBXFileReference; fileEncoding = 4; lastKnownFileType = sourcecode.c.objc; path = "UITabBar+FlatUI.m"; sourceTree = "<group>"; };
		C20405F61BD0A0CE002BE9D0 /* UITableViewCell+FlatUI.h */ = {isa = PBXFileReference; fileEncoding = 4; lastKnownFileType = sourcecode.c.h; path = "UITableViewCell+FlatUI.h"; sourceTree = "<group>"; };
		C20405F71BD0A0CE002BE9D0 /* UITableViewCell+FlatUI.m */ = {isa = PBXFileReference; fileEncoding = 4; lastKnownFileType = sourcecode.c.objc; path = "UITableViewCell+FlatUI.m"; sourceTree = "<group>"; };
		C20405F81BD0A0CE002BE9D0 /* UIToolbar+FlatUI.h */ = {isa = PBXFileReference; fileEncoding = 4; lastKnownFileType = sourcecode.c.h; path = "UIToolbar+FlatUI.h"; sourceTree = "<group>"; };
		C20405F91BD0A0CE002BE9D0 /* UIToolbar+FlatUI.m */ = {isa = PBXFileReference; fileEncoding = 4; lastKnownFileType = sourcecode.c.objc; path = "UIToolbar+FlatUI.m"; sourceTree = "<group>"; };
		C217E4A01BD0A17300D5F866 /* Chameleon.h */ = {isa = PBXFileReference; fileEncoding = 4; lastKnownFileType = sourcecode.c.h; path = Chameleon.h; sourceTree = "<group>"; };
		C217E4A11BD0A17300D5F866 /* Chameleon_.h */ = {isa = PBXFileReference; fileEncoding = 4; lastKnownFileType = sourcecode.c.h; path = Chameleon_.h; sourceTree = "<group>"; };
		C217E4A21BD0A17300D5F866 /* Chameleon_.m */ = {isa = PBXFileReference; fileEncoding = 4; lastKnownFileType = sourcecode.c.objc; path = Chameleon_.m; sourceTree = "<group>"; };
		C217E4A31BD0A17300D5F866 /* ChameleonConstants.h */ = {isa = PBXFileReference; fileEncoding = 4; lastKnownFileType = sourcecode.c.h; path = ChameleonConstants.h; sourceTree = "<group>"; };
		C217E4A41BD0A17300D5F866 /* ChameleonConstants.m */ = {isa = PBXFileReference; fileEncoding = 4; lastKnownFileType = sourcecode.c.objc; path = ChameleonConstants.m; sourceTree = "<group>"; };
		C217E4A51BD0A17300D5F866 /* ChameleonEnums.h */ = {isa = PBXFileReference; fileEncoding = 4; lastKnownFileType = sourcecode.c.h; path = ChameleonEnums.h; sourceTree = "<group>"; };
		C217E4A61BD0A17300D5F866 /* ChameleonMacros.h */ = {isa = PBXFileReference; fileEncoding = 4; lastKnownFileType = sourcecode.c.h; path = ChameleonMacros.h; sourceTree = "<group>"; };
		C217E4A71BD0A17300D5F866 /* NSArray+Chameleon.h */ = {isa = PBXFileReference; fileEncoding = 4; lastKnownFileType = sourcecode.c.h; path = "NSArray+Chameleon.h"; sourceTree = "<group>"; };
		C217E4A81BD0A17300D5F866 /* NSArray+Chameleon.m */ = {isa = PBXFileReference; fileEncoding = 4; lastKnownFileType = sourcecode.c.objc; path = "NSArray+Chameleon.m"; sourceTree = "<group>"; };
		C217E4A91BD0A17300D5F866 /* UIButton+Chameleon.h */ = {isa = PBXFileReference; fileEncoding = 4; lastKnownFileType = sourcecode.c.h; path = "UIButton+Chameleon.h"; sourceTree = "<group>"; };
		C217E4AA1BD0A17300D5F866 /* UIButton+Chameleon.m */ = {isa = PBXFileReference; fileEncoding = 4; lastKnownFileType = sourcecode.c.objc; path = "UIButton+Chameleon.m"; sourceTree = "<group>"; };
		C217E4AB1BD0A17300D5F866 /* UIColor+Chameleon.h */ = {isa = PBXFileReference; fileEncoding = 4; lastKnownFileType = sourcecode.c.h; path = "UIColor+Chameleon.h"; sourceTree = "<group>"; };
		C217E4AC1BD0A17300D5F866 /* UIColor+Chameleon.m */ = {isa = PBXFileReference; fileEncoding = 4; lastKnownFileType = sourcecode.c.objc; path = "UIColor+Chameleon.m"; sourceTree = "<group>"; };
		C217E4AD1BD0A17300D5F866 /* UIColor+ChameleonPrivate.h */ = {isa = PBXFileReference; fileEncoding = 4; lastKnownFileType = sourcecode.c.h; path = "UIColor+ChameleonPrivate.h"; sourceTree = "<group>"; };
		C217E4AE1BD0A17300D5F866 /* UIColor+ChameleonPrivate.m */ = {isa = PBXFileReference; fileEncoding = 4; lastKnownFileType = sourcecode.c.objc; path = "UIColor+ChameleonPrivate.m"; sourceTree = "<group>"; };
		C217E4AF1BD0A17300D5F866 /* UIImage+ChameleonPrivate.h */ = {isa = PBXFileReference; fileEncoding = 4; lastKnownFileType = sourcecode.c.h; path = "UIImage+ChameleonPrivate.h"; sourceTree = "<group>"; };
		C217E4B01BD0A17300D5F866 /* UIImage+ChameleonPrivate.m */ = {isa = PBXFileReference; fileEncoding = 4; lastKnownFileType = sourcecode.c.objc; path = "UIImage+ChameleonPrivate.m"; sourceTree = "<group>"; };
		C217E4B11BD0A17300D5F866 /* UILabel+Chameleon.h */ = {isa = PBXFileReference; fileEncoding = 4; lastKnownFileType = sourcecode.c.h; path = "UILabel+Chameleon.h"; sourceTree = "<group>"; };
		C217E4B21BD0A17300D5F866 /* UILabel+Chameleon.m */ = {isa = PBXFileReference; fileEncoding = 4; lastKnownFileType = sourcecode.c.objc; path = "UILabel+Chameleon.m"; sourceTree = "<group>"; };
		C217E4B31BD0A17300D5F866 /* UINavigationController+Chameleon.h */ = {isa = PBXFileReference; fileEncoding = 4; lastKnownFileType = sourcecode.c.h; path = "UINavigationController+Chameleon.h"; sourceTree = "<group>"; };
		C217E4B41BD0A17300D5F866 /* UINavigationController+Chameleon.m */ = {isa = PBXFileReference; fileEncoding = 4; lastKnownFileType = sourcecode.c.objc; path = "UINavigationController+Chameleon.m"; sourceTree = "<group>"; };
		C217E4B51BD0A17300D5F866 /* UIView+ChameleonPrivate.h */ = {isa = PBXFileReference; fileEncoding = 4; lastKnownFileType = sourcecode.c.h; path = "UIView+ChameleonPrivate.h"; sourceTree = "<group>"; };
		C217E4B61BD0A17300D5F866 /* UIView+ChameleonPrivate.m */ = {isa = PBXFileReference; fileEncoding = 4; lastKnownFileType = sourcecode.c.objc; path = "UIView+ChameleonPrivate.m"; sourceTree = "<group>"; };
		C217E4B71BD0A17300D5F866 /* UIViewController+Chameleon.h */ = {isa = PBXFileReference; fileEncoding = 4; lastKnownFileType = sourcecode.c.h; path = "UIViewController+Chameleon.h"; sourceTree = "<group>"; };
		C217E4B81BD0A17300D5F866 /* UIViewController+Chameleon.m */ = {isa = PBXFileReference; fileEncoding = 4; lastKnownFileType = sourcecode.c.objc; path = "UIViewController+Chameleon.m"; sourceTree = "<group>"; };
		C21C85D21BCF4838004C78D2 /* DayNote.app */ = {isa = PBXFileReference; explicitFileType = wrapper.application; includeInIndex = 0; path = DayNote.app; sourceTree = BUILT_PRODUCTS_DIR; };
		C21C85D61BCF4838004C78D2 /* Info.plist */ = {isa = PBXFileReference; lastKnownFileType = text.plist.xml; path = Info.plist; sourceTree = "<group>"; };
		C21C85D71BCF4838004C78D2 /* main.m */ = {isa = PBXFileReference; lastKnownFileType = sourcecode.c.objc; path = main.m; sourceTree = "<group>"; };
		C21C85D91BCF4838004C78D2 /* AppDelegate.h */ = {isa = PBXFileReference; lastKnownFileType = sourcecode.c.h; name = AppDelegate.h; path = ../../AppDelegate.h; sourceTree = "<group>"; };
		C21C85DA1BCF4838004C78D2 /* AppDelegate.m */ = {isa = PBXFileReference; lastKnownFileType = sourcecode.c.objc; name = AppDelegate.m; path = ../../AppDelegate.m; sourceTree = "<group>"; };
		C21C85E21BCF4838004C78D2 /* Images.xcassets */ = {isa = PBXFileReference; lastKnownFileType = folder.assetcatalog; path = Images.xcassets; sourceTree = "<group>"; };
		C21C85E51BCF4838004C78D2 /* Base */ = {isa = PBXFileReference; lastKnownFileType = file.xib; name = Base; path = Base.lproj/LaunchScreen.xib; sourceTree = "<group>"; };
		C21C85EB1BCF4838004C78D2 /* DayNoteTests.xctest */ = {isa = PBXFileReference; explicitFileType = wrapper.cfbundle; includeInIndex = 0; path = DayNoteTests.xctest; sourceTree = BUILT_PRODUCTS_DIR; };
		C21C85F01BCF4838004C78D2 /* Info.plist */ = {isa = PBXFileReference; lastKnownFileType = text.plist.xml; path = Info.plist; sourceTree = "<group>"; };
		C21C85F11BCF4838004C78D2 /* DayNoteTests.m */ = {isa = PBXFileReference; lastKnownFileType = sourcecode.c.objc; path = DayNoteTests.m; sourceTree = "<group>"; };
		C21C860A1BCF4872004C78D2 /* APPHeader.h */ = {isa = PBXFileReference; fileEncoding = 4; lastKnownFileType = sourcecode.c.h; path = APPHeader.h; sourceTree = "<group>"; };
		C21C860B1BCF4872004C78D2 /* IMPHeader.h */ = {isa = PBXFileReference; fileEncoding = 4; lastKnownFileType = sourcecode.c.h; path = IMPHeader.h; sourceTree = "<group>"; };
		C21C860C1BCF4872004C78D2 /* KEYHeader.h */ = {isa = PBXFileReference; fileEncoding = 4; lastKnownFileType = sourcecode.c.h; path = KEYHeader.h; sourceTree = "<group>"; };
		C21C860D1BCF4872004C78D2 /* URLHeader.h */ = {isa = PBXFileReference; fileEncoding = 4; lastKnownFileType = sourcecode.c.h; path = URLHeader.h; sourceTree = "<group>"; };
		C21C863F1BCF48B4004C78D2 /* CalendarViewController.h */ = {isa = PBXFileReference; fileEncoding = 4; lastKnownFileType = sourcecode.c.h; path = CalendarViewController.h; sourceTree = "<group>"; };
		C21C86401BCF48B4004C78D2 /* CalendarViewController.m */ = {isa = PBXFileReference; fileEncoding = 4; lastKnownFileType = sourcecode.c.objc; path = CalendarViewController.m; sourceTree = "<group>"; };
		C21C86421BCF48E8004C78D2 /* PrefixHeader.pch */ = {isa = PBXFileReference; lastKnownFileType = sourcecode.c.h; path = PrefixHeader.pch; sourceTree = "<group>"; };
		C21C86431BCF4F89004C78D2 /* MyDiaryTableViewController.h */ = {isa = PBXFileReference; fileEncoding = 4; lastKnownFileType = sourcecode.c.h; path = MyDiaryTableViewController.h; sourceTree = "<group>"; };
		C21C86441BCF4F89004C78D2 /* MyDiaryTableViewController.m */ = {isa = PBXFileReference; fileEncoding = 4; lastKnownFileType = sourcecode.c.objc; path = MyDiaryTableViewController.m; sourceTree = "<group>"; };
		C21C86461BCF4FAF004C78D2 /* DiaryListTableViewCell.h */ = {isa = PBXFileReference; fileEncoding = 4; lastKnownFileType = sourcecode.c.h; path = DiaryListTableViewCell.h; sourceTree = "<group>"; };
		C21C86471BCF4FAF004C78D2 /* DiaryListTableViewCell.m */ = {isa = PBXFileReference; fileEncoding = 4; lastKnownFileType = sourcecode.c.objc; path = DiaryListTableViewCell.m; sourceTree = "<group>"; };
		C21C864B1BCF5B4A004C78D2 /* MoodViewController.h */ = {isa = PBXFileReference; fileEncoding = 4; lastKnownFileType = sourcecode.c.h; path = MoodViewController.h; sourceTree = "<group>"; };
		C21C864C1BCF5B4A004C78D2 /* MoodViewController.m */ = {isa = PBXFileReference; fileEncoding = 4; lastKnownFileType = sourcecode.c.objc; path = MoodViewController.m; sourceTree = "<group>"; };
		C21C864E1BCF5B8D004C78D2 /* ShareViewController.h */ = {isa = PBXFileReference; fileEncoding = 4; lastKnownFileType = sourcecode.c.h; path = ShareViewController.h; sourceTree = "<group>"; };
		C21C864F1BCF5B8D004C78D2 /* ShareViewController.m */ = {isa = PBXFileReference; fileEncoding = 4; lastKnownFileType = sourcecode.c.objc; path = ShareViewController.m; sourceTree = "<group>"; };
		C21C865D1BCF75AC004C78D2 /* AddDiaryViewController.h */ = {isa = PBXFileReference; fileEncoding = 4; lastKnownFileType = sourcecode.c.h; path = AddDiaryViewController.h; sourceTree = "<group>"; };
		C21C865E1BCF75AC004C78D2 /* AddDiaryViewController.m */ = {isa = PBXFileReference; fileEncoding = 4; lastKnownFileType = sourcecode.c.objc; path = AddDiaryViewController.m; sourceTree = "<group>"; };
		C21C87071BCFBF7C004C78D2 /* ic_menu@3x.png */ = {isa = PBXFileReference; lastKnownFileType = image.png; name = "ic_menu@3x.png"; path = "../CodeClass/Controller/ic_menu@3x.png"; sourceTree = "<group>"; };
		C21C87081BCFBF7C004C78D2 /* ic_menuRotated@3x.png */ = {isa = PBXFileReference; lastKnownFileType = image.png; name = "ic_menuRotated@3x.png"; path = "../CodeClass/Controller/ic_menuRotated@3x.png"; sourceTree = "<group>"; };
		C21C87721BCFD61E004C78D2 /* RootTabBarViewController.h */ = {isa = PBXFileReference; fileEncoding = 4; lastKnownFileType = sourcecode.c.h; path = RootTabBarViewController.h; sourceTree = "<group>"; };
		C21C87731BCFD61E004C78D2 /* RootTabBarViewController.m */ = {isa = PBXFileReference; fileEncoding = 4; lastKnownFileType = sourcecode.c.objc; path = RootTabBarViewController.m; sourceTree = "<group>"; };
		C21C87771BCFE47E004C78D2 /* PopUpBoxView.h */ = {isa = PBXFileReference; fileEncoding = 4; lastKnownFileType = sourcecode.c.h; path = PopUpBoxView.h; sourceTree = "<group>"; };
		C21C87781BCFE47E004C78D2 /* PopUpBoxView.m */ = {isa = PBXFileReference; fileEncoding = 4; lastKnownFileType = sourcecode.c.objc; path = PopUpBoxView.m; sourceTree = "<group>"; };
		C21C877A1BCFE7C6004C78D2 /* PopUpBoxViewController.h */ = {isa = PBXFileReference; fileEncoding = 4; lastKnownFileType = sourcecode.c.h; path = PopUpBoxViewController.h; sourceTree = "<group>"; };
		C21C877B1BCFE7C6004C78D2 /* PopUpBoxViewController.m */ = {isa = PBXFileReference; fileEncoding = 4; lastKnownFileType = sourcecode.c.objc; path = PopUpBoxViewController.m; sourceTree = "<group>"; };
		C21C87841BCFF4BA004C78D2 /* UIImage+TransformColorAndImage.h */ = {isa = PBXFileReference; fileEncoding = 4; lastKnownFileType = sourcecode.c.h; path = "UIImage+TransformColorAndImage.h"; sourceTree = "<group>"; };
		C21C87851BCFF4BA004C78D2 /* UIImage+TransformColorAndImage.m */ = {isa = PBXFileReference; fileEncoding = 4; lastKnownFileType = sourcecode.c.objc; path = "UIImage+TransformColorAndImage.m"; sourceTree = "<group>"; };
		C21C87871BCFF75E004C78D2 /* AddDiaryView.h */ = {isa = PBXFileReference; fileEncoding = 4; lastKnownFileType = sourcecode.c.h; path = AddDiaryView.h; sourceTree = "<group>"; };
		C21C87881BCFF75E004C78D2 /* AddDiaryView.m */ = {isa = PBXFileReference; fileEncoding = 4; lastKnownFileType = sourcecode.c.objc; path = AddDiaryView.m; sourceTree = "<group>"; };
		C2CFC7A51BD143650025C8D6 /* CoreData.framework */ = {isa = PBXFileReference; lastKnownFileType = wrapper.framework; name = CoreData.framework; path = System/Library/Frameworks/CoreData.framework; sourceTree = SDKROOT; };
		C2CFC7A81BD143D20025C8D6 /* DayNote.xcdatamodel */ = {isa = PBXFileReference; lastKnownFileType = wrapper.xcdatamodel; path = DayNote.xcdatamodel; sourceTree = "<group>"; };
		C2CFC7AA1BD149D10025C8D6 /* AllMyDiary.h */ = {isa = PBXFileReference; fileEncoding = 4; lastKnownFileType = sourcecode.c.h; path = AllMyDiary.h; sourceTree = "<group>"; };
		C2CFC7AB1BD149D10025C8D6 /* AllMyDiary.m */ = {isa = PBXFileReference; fileEncoding = 4; lastKnownFileType = sourcecode.c.objc; path = AllMyDiary.m; sourceTree = "<group>"; };
		C2CFC7AD1BD14A2D0025C8D6 /* GetDataTools.h */ = {isa = PBXFileReference; fileEncoding = 4; lastKnownFileType = sourcecode.c.h; path = GetDataTools.h; sourceTree = "<group>"; };
		C2CFC7AE1BD14A2D0025C8D6 /* GetDataTools.m */ = {isa = PBXFileReference; fileEncoding = 4; lastKnownFileType = sourcecode.c.objc; path = GetDataTools.m; sourceTree = "<group>"; };
		C2E1BE291BD0FE8D000A82E3 /* wrong.png */ = {isa = PBXFileReference; lastKnownFileType = image.png; path = wrong.png; sourceTree = "<group>"; };
		C2E1BE2D1BD10501000A82E3 /* check.png */ = {isa = PBXFileReference; lastKnownFileType = image.png; path = check.png; sourceTree = "<group>"; };
		C2E3EF811BD1EB45006A9FCD /* ConversionWithDate.h */ = {isa = PBXFileReference; fileEncoding = 4; lastKnownFileType = sourcecode.c.h; path = ConversionWithDate.h; sourceTree = "<group>"; };
		C2E3EF821BD1EB45006A9FCD /* ConversionWithDate.m */ = {isa = PBXFileReference; fileEncoding = 4; lastKnownFileType = sourcecode.c.objc; path = ConversionWithDate.m; sourceTree = "<group>"; };
		C2F06BBF1BD0A750006D4091 /* 13133775(小).png */ = {isa = PBXFileReference; lastKnownFileType = image.png; path = "13133775(小).png"; sourceTree = "<group>"; };
/* End PBXFileReference section */

/* Begin PBXFrameworksBuildPhase section */
		C21C85CF1BCF4838004C78D2 /* Frameworks */ = {
			isa = PBXFrameworksBuildPhase;
			buildActionMask = 2147483647;
			files = (
				C2CFC7A61BD143650025C8D6 /* CoreData.framework in Frameworks */,
			);
			runOnlyForDeploymentPostprocessing = 0;
		};
		C21C85E81BCF4838004C78D2 /* Frameworks */ = {
			isa = PBXFrameworksBuildPhase;
			buildActionMask = 2147483647;
			files = (
			);
			runOnlyForDeploymentPostprocessing = 0;
		};
/* End PBXFrameworksBuildPhase section */

/* Begin PBXGroup section */
		C20405D01BD0A0CE002BE9D0 /* FlatUIKit */ = {
			isa = PBXGroup;
			children = (
				C20405D11BD0A0CE002BE9D0 /* FlatUIKit.h */,
				C20405D21BD0A0CE002BE9D0 /* FUIAlertView.h */,
				C20405D31BD0A0CE002BE9D0 /* FUIAlertView.m */,
				C20405D41BD0A0CE002BE9D0 /* FUIButton.h */,
				C20405D51BD0A0CE002BE9D0 /* FUIButton.m */,
				C20405D61BD0A0CE002BE9D0 /* FUICellBackgroundView.h */,
				C20405D71BD0A0CE002BE9D0 /* FUICellBackgroundView.m */,
				C20405D81BD0A0CE002BE9D0 /* FUIPopoverBackgroundView.h */,
				C20405D91BD0A0CE002BE9D0 /* FUIPopoverBackgroundView.m */,
				C20405DA1BD0A0CE002BE9D0 /* FUISegmentedControl.h */,
				C20405DB1BD0A0CE002BE9D0 /* FUISegmentedControl.m */,
				C20405DC1BD0A0CE002BE9D0 /* FUISwitch.h */,
				C20405DD1BD0A0CE002BE9D0 /* FUISwitch.m */,
				C20405DE1BD0A0CE002BE9D0 /* FUITextField.h */,
				C20405DF1BD0A0CE002BE9D0 /* FUITextField.m */,
				C20405E01BD0A0CE002BE9D0 /* NSString+Icons.h */,
				C20405E11BD0A0CE002BE9D0 /* NSString+Icons.m */,
				C20405E21BD0A0CE002BE9D0 /* UIBarButtonItem+FlatUI.h */,
				C20405E31BD0A0CE002BE9D0 /* UIBarButtonItem+FlatUI.m */,
				C20405E41BD0A0CE002BE9D0 /* UIColor+FlatUI.h */,
				C20405E51BD0A0CE002BE9D0 /* UIColor+FlatUI.m */,
				C20405E61BD0A0CE002BE9D0 /* UIFont+FlatUI.h */,
				C20405E71BD0A0CE002BE9D0 /* UIFont+FlatUI.m */,
				C20405E81BD0A0CE002BE9D0 /* UIImage+FlatUI.h */,
				C20405E91BD0A0CE002BE9D0 /* UIImage+FlatUI.m */,
				C20405EA1BD0A0CE002BE9D0 /* UINavigationBar+FlatUI.h */,
				C20405EB1BD0A0CE002BE9D0 /* UINavigationBar+FlatUI.m */,
				C20405EC1BD0A0CE002BE9D0 /* UIPopoverController+FlatUI.h */,
				C20405ED1BD0A0CE002BE9D0 /* UIPopoverController+FlatUI.m */,
				C20405EE1BD0A0CE002BE9D0 /* UIProgressView+FlatUI.h */,
				C20405EF1BD0A0CE002BE9D0 /* UIProgressView+FlatUI.m */,
				C20405F01BD0A0CE002BE9D0 /* UISlider+FlatUI.h */,
				C20405F11BD0A0CE002BE9D0 /* UISlider+FlatUI.m */,
				C20405F21BD0A0CE002BE9D0 /* UIStepper+FlatUI.h */,
				C20405F31BD0A0CE002BE9D0 /* UIStepper+FlatUI.m */,
				C20405F41BD0A0CE002BE9D0 /* UITabBar+FlatUI.h */,
				C20405F51BD0A0CE002BE9D0 /* UITabBar+FlatUI.m */,
				C20405F61BD0A0CE002BE9D0 /* UITableViewCell+FlatUI.h */,
				C20405F71BD0A0CE002BE9D0 /* UITableViewCell+FlatUI.m */,
				C20405F81BD0A0CE002BE9D0 /* UIToolbar+FlatUI.h */,
				C20405F91BD0A0CE002BE9D0 /* UIToolbar+FlatUI.m */,
			);
			path = FlatUIKit;
			sourceTree = "<group>";
		};
		C217E49F1BD0A17300D5F866 /* Chameleon */ = {
			isa = PBXGroup;
			children = (
				C217E4A01BD0A17300D5F866 /* Chameleon.h */,
				C217E4A11BD0A17300D5F866 /* Chameleon_.h */,
				C217E4A21BD0A17300D5F866 /* Chameleon_.m */,
				C217E4A31BD0A17300D5F866 /* ChameleonConstants.h */,
				C217E4A41BD0A17300D5F866 /* ChameleonConstants.m */,
				C217E4A51BD0A17300D5F866 /* ChameleonEnums.h */,
				C217E4A61BD0A17300D5F866 /* ChameleonMacros.h */,
				C217E4A71BD0A17300D5F866 /* NSArray+Chameleon.h */,
				C217E4A81BD0A17300D5F866 /* NSArray+Chameleon.m */,
				C217E4A91BD0A17300D5F866 /* UIButton+Chameleon.h */,
				C217E4AA1BD0A17300D5F866 /* UIButton+Chameleon.m */,
				C217E4AB1BD0A17300D5F866 /* UIColor+Chameleon.h */,
				C217E4AC1BD0A17300D5F866 /* UIColor+Chameleon.m */,
				C217E4AD1BD0A17300D5F866 /* UIColor+ChameleonPrivate.h */,
				C217E4AE1BD0A17300D5F866 /* UIColor+ChameleonPrivate.m */,
				C217E4AF1BD0A17300D5F866 /* UIImage+ChameleonPrivate.h */,
				C217E4B01BD0A17300D5F866 /* UIImage+ChameleonPrivate.m */,
				C217E4B11BD0A17300D5F866 /* UILabel+Chameleon.h */,
				C217E4B21BD0A17300D5F866 /* UILabel+Chameleon.m */,
				C217E4B31BD0A17300D5F866 /* UINavigationController+Chameleon.h */,
				C217E4B41BD0A17300D5F866 /* UINavigationController+Chameleon.m */,
				C217E4B51BD0A17300D5F866 /* UIView+ChameleonPrivate.h */,
				C217E4B61BD0A17300D5F866 /* UIView+ChameleonPrivate.m */,
				C217E4B71BD0A17300D5F866 /* UIViewController+Chameleon.h */,
				C217E4B81BD0A17300D5F866 /* UIViewController+Chameleon.m */,
			);
			path = Chameleon;
			sourceTree = "<group>";
		};
		C21C85C91BCF4838004C78D2 = {
			isa = PBXGroup;
			children = (
				C21C85D41BCF4838004C78D2 /* DayNote */,
				C21C85EE1BCF4838004C78D2 /* DayNoteTests */,
				C21C85D31BCF4838004C78D2 /* Products */,
			);
			sourceTree = "<group>";
		};
		C21C85D31BCF4838004C78D2 /* Products */ = {
			isa = PBXGroup;
			children = (
				C21C85D21BCF4838004C78D2 /* DayNote.app */,
				C21C85EB1BCF4838004C78D2 /* DayNoteTests.xctest */,
			);
			name = Products;
			sourceTree = "<group>";
		};
		C21C85D41BCF4838004C78D2 /* DayNote */ = {
			isa = PBXGroup;
			children = (
				C21C85FB1BCF4872004C78D2 /* Source */,
				C21C85E21BCF4838004C78D2 /* Images.xcassets */,
				C21C85E41BCF4838004C78D2 /* LaunchScreen.xib */,
				C21C86421BCF48E8004C78D2 /* PrefixHeader.pch */,
				C21C85D51BCF4838004C78D2 /* Supporting Files */,
			);
			path = DayNote;
			sourceTree = "<group>";
		};
		C21C85D51BCF4838004C78D2 /* Supporting Files */ = {
			isa = PBXGroup;
			children = (
				C21C85D61BCF4838004C78D2 /* Info.plist */,
				C21C85D71BCF4838004C78D2 /* main.m */,
			);
			name = "Supporting Files";
			sourceTree = "<group>";
		};
		C21C85EE1BCF4838004C78D2 /* DayNoteTests */ = {
			isa = PBXGroup;
			children = (
				C21C85F11BCF4838004C78D2 /* DayNoteTests.m */,
				C21C85EF1BCF4838004C78D2 /* Supporting Files */,
			);
			path = DayNoteTests;
			sourceTree = "<group>";
		};
		C21C85EF1BCF4838004C78D2 /* Supporting Files */ = {
			isa = PBXGroup;
			children = (
				C21C85F01BCF4838004C78D2 /* Info.plist */,
			);
			name = "Supporting Files";
			sourceTree = "<group>";
		};
		C21C85FB1BCF4872004C78D2 /* Source */ = {
			isa = PBXGroup;
			children = (
				C21C85FC1BCF4872004C78D2 /* Application */,
				C21C85FD1BCF4872004C78D2 /* BaseClass */,
				C21C85FE1BCF4872004C78D2 /* CodeClass */,
				C21C86021BCF4872004C78D2 /* DataBase */,
				C21C86031BCF4872004C78D2 /* EnNetWork */,
				C21C86041BCF4872004C78D2 /* Framework */,
				C21C86051BCF4872004C78D2 /* Global */,
				C21C86061BCF4872004C78D2 /* Helper */,
				C21C86091BCF4872004C78D2 /* Macro */,
				C21C860E1BCF4872004C78D2 /* Resources */,
				C21C860F1BCF4872004C78D2 /* TheThird */,
			);
			path = Source;
			sourceTree = "<group>";
		};
		C21C85FC1BCF4872004C78D2 /* Application */ = {
			isa = PBXGroup;
			children = (
				C21C85D91BCF4838004C78D2 /* AppDelegate.h */,
				C21C85DA1BCF4838004C78D2 /* AppDelegate.m */,
			);
			path = Application;
			sourceTree = "<group>";
		};
		C21C85FD1BCF4872004C78D2 /* BaseClass */ = {
			isa = PBXGroup;
			children = (
				C2CFC7AD1BD14A2D0025C8D6 /* GetDataTools.h */,
				C2CFC7AE1BD14A2D0025C8D6 /* GetDataTools.m */,
				C2E3EF811BD1EB45006A9FCD /* ConversionWithDate.h */,
				C2E3EF821BD1EB45006A9FCD /* ConversionWithDate.m */,
			);
			path = BaseClass;
			sourceTree = "<group>";
		};
		C21C85FE1BCF4872004C78D2 /* CodeClass */ = {
			isa = PBXGroup;
			children = (
				C21C85FF1BCF4872004C78D2 /* Controller */,
				C21C86001BCF4872004C78D2 /* Model */,
				C21C86011BCF4872004C78D2 /* View */,
			);
			path = CodeClass;
			sourceTree = "<group>";
		};
		C21C85FF1BCF4872004C78D2 /* Controller */ = {
			isa = PBXGroup;
			children = (
				C21C87721BCFD61E004C78D2 /* RootTabBarViewController.h */,
				C21C87731BCFD61E004C78D2 /* RootTabBarViewController.m */,
				C21C86431BCF4F89004C78D2 /* MyDiaryTableViewController.h */,
				C21C86441BCF4F89004C78D2 /* MyDiaryTableViewController.m */,
				C21C877A1BCFE7C6004C78D2 /* PopUpBoxViewController.h */,
				C21C877B1BCFE7C6004C78D2 /* PopUpBoxViewController.m */,
				C21C865D1BCF75AC004C78D2 /* AddDiaryViewController.h */,
				C21C865E1BCF75AC004C78D2 /* AddDiaryViewController.m */,
				C21C863F1BCF48B4004C78D2 /* CalendarViewController.h */,
				C21C86401BCF48B4004C78D2 /* CalendarViewController.m */,
				C21C864B1BCF5B4A004C78D2 /* MoodViewController.h */,
				C21C864C1BCF5B4A004C78D2 /* MoodViewController.m */,
				C21C864E1BCF5B8D004C78D2 /* ShareViewController.h */,
				C21C864F1BCF5B8D004C78D2 /* ShareViewController.m */,
			);
			path = Controller;
			sourceTree = "<group>";
		};
		C21C86001BCF4872004C78D2 /* Model */ = {
			isa = PBXGroup;
			children = (
				C2CFC7A71BD143D20025C8D6 /* DayNote.xcdatamodeld */,
				C2CFC7AA1BD149D10025C8D6 /* AllMyDiary.h */,
				C2CFC7AB1BD149D10025C8D6 /* AllMyDiary.m */,
			);
			path = Model;
			sourceTree = "<group>";
		};
		C21C86011BCF4872004C78D2 /* View */ = {
			isa = PBXGroup;
			children = (
				C21C86461BCF4FAF004C78D2 /* DiaryListTableViewCell.h */,
				C21C86471BCF4FAF004C78D2 /* DiaryListTableViewCell.m */,
				C21C87771BCFE47E004C78D2 /* PopUpBoxView.h */,
				C21C87781BCFE47E004C78D2 /* PopUpBoxView.m */,
				C21C87871BCFF75E004C78D2 /* AddDiaryView.h */,
				C21C87881BCFF75E004C78D2 /* AddDiaryView.m */,
			);
			path = View;
			sourceTree = "<group>";
		};
		C21C86021BCF4872004C78D2 /* DataBase */ = {
			isa = PBXGroup;
			children = (
			);
			path = DataBase;
			sourceTree = "<group>";
		};
		C21C86031BCF4872004C78D2 /* EnNetWork */ = {
			isa = PBXGroup;
			children = (
			);
			path = EnNetWork;
			sourceTree = "<group>";
		};
		C21C86041BCF4872004C78D2 /* Framework */ = {
			isa = PBXGroup;
			children = (
				C2CFC7A51BD143650025C8D6 /* CoreData.framework */,
			);
			path = Framework;
			sourceTree = "<group>";
		};
		C21C86051BCF4872004C78D2 /* Global */ = {
			isa = PBXGroup;
			children = (
			);
			path = Global;
			sourceTree = "<group>";
		};
		C21C86061BCF4872004C78D2 /* Helper */ = {
			isa = PBXGroup;
			children = (
				C21C87841BCFF4BA004C78D2 /* UIImage+TransformColorAndImage.h */,
				C21C87851BCFF4BA004C78D2 /* UIImage+TransformColorAndImage.m */,
			);
			path = Helper;
			sourceTree = "<group>";
		};
		C21C86091BCF4872004C78D2 /* Macro */ = {
			isa = PBXGroup;
			children = (
				C21C860A1BCF4872004C78D2 /* APPHeader.h */,
				C21C860B1BCF4872004C78D2 /* IMPHeader.h */,
				C21C860C1BCF4872004C78D2 /* KEYHeader.h */,
				C21C860D1BCF4872004C78D2 /* URLHeader.h */,
			);
			path = Macro;
			sourceTree = "<group>";
		};
		C21C860E1BCF4872004C78D2 /* Resources */ = {
			isa = PBXGroup;
			children = (
				C2E1BE2D1BD10501000A82E3 /* check.png */,
				C2E1BE291BD0FE8D000A82E3 /* wrong.png */,
				C21C87071BCFBF7C004C78D2 /* ic_menu@3x.png */,
				C21C87081BCFBF7C004C78D2 /* ic_menuRotated@3x.png */,
				C2F06BBF1BD0A750006D4091 /* 13133775(小).png */,
			);
			path = Resources;
			sourceTree = "<group>";
		};
		C21C860F1BCF4872004C78D2 /* TheThird */ = {
			isa = PBXGroup;
			children = (
				C217E49F1BD0A17300D5F866 /* Chameleon */,
				C20405D01BD0A0CE002BE9D0 /* FlatUIKit */,
			);
			path = TheThird;
			sourceTree = "<group>";
		};
/* End PBXGroup section */

/* Begin PBXNativeTarget section */
		C21C85D11BCF4838004C78D2 /* DayNote */ = {
			isa = PBXNativeTarget;
			buildConfigurationList = C21C85F51BCF4838004C78D2 /* Build configuration list for PBXNativeTarget "DayNote" */;
			buildPhases = (
				C21C85CE1BCF4838004C78D2 /* Sources */,
				C21C85CF1BCF4838004C78D2 /* Frameworks */,
				C21C85D01BCF4838004C78D2 /* Resources */,
			);
			buildRules = (
			);
			dependencies = (
			);
			name = DayNote;
			productName = DayNote;
			productReference = C21C85D21BCF4838004C78D2 /* DayNote.app */;
			productType = "com.apple.product-type.application";
		};
		C21C85EA1BCF4838004C78D2 /* DayNoteTests */ = {
			isa = PBXNativeTarget;
			buildConfigurationList = C21C85F81BCF4838004C78D2 /* Build configuration list for PBXNativeTarget "DayNoteTests" */;
			buildPhases = (
				C21C85E71BCF4838004C78D2 /* Sources */,
				C21C85E81BCF4838004C78D2 /* Frameworks */,
				C21C85E91BCF4838004C78D2 /* Resources */,
			);
			buildRules = (
			);
			dependencies = (
				C21C85ED1BCF4838004C78D2 /* PBXTargetDependency */,
			);
			name = DayNoteTests;
			productName = DayNoteTests;
			productReference = C21C85EB1BCF4838004C78D2 /* DayNoteTests.xctest */;
			productType = "com.apple.product-type.bundle.unit-test";
		};
/* End PBXNativeTarget section */

/* Begin PBXProject section */
		C21C85CA1BCF4838004C78D2 /* Project object */ = {
			isa = PBXProject;
			attributes = {
				LastUpgradeCheck = 0640;
				ORGANIZATIONNAME = "郭兆伟";
				TargetAttributes = {
					C21C85D11BCF4838004C78D2 = {
						CreatedOnToolsVersion = 6.4;
					};
					C21C85EA1BCF4838004C78D2 = {
						CreatedOnToolsVersion = 6.4;
						TestTargetID = C21C85D11BCF4838004C78D2;
					};
				};
			};
			buildConfigurationList = C21C85CD1BCF4838004C78D2 /* Build configuration list for PBXProject "DayNote" */;
			compatibilityVersion = "Xcode 3.2";
			developmentRegion = English;
			hasScannedForEncodings = 0;
			knownRegions = (
				en,
				Base,
			);
			mainGroup = C21C85C91BCF4838004C78D2;
			productRefGroup = C21C85D31BCF4838004C78D2 /* Products */;
			projectDirPath = "";
			projectRoot = "";
			targets = (
				C21C85D11BCF4838004C78D2 /* DayNote */,
				C21C85EA1BCF4838004C78D2 /* DayNoteTests */,
			);
		};
/* End PBXProject section */

/* Begin PBXResourcesBuildPhase section */
		C21C85D01BCF4838004C78D2 /* Resources */ = {
			isa = PBXResourcesBuildPhase;
			buildActionMask = 2147483647;
			files = (
				C2E1BE2E1BD10501000A82E3 /* check.png in Resources */,
				C2E1BE2A1BD0FE8D000A82E3 /* wrong.png in Resources */,
				C21C87091BCFBF7C004C78D2 /* ic_menu@3x.png in Resources */,
				C21C85E61BCF4838004C78D2 /* LaunchScreen.xib in Resources */,
				C2F06BC01BD0A750006D4091 /* 13133775(小).png in Resources */,
				C21C870A1BCFBF7C004C78D2 /* ic_menuRotated@3x.png in Resources */,
				C21C85E31BCF4838004C78D2 /* Images.xcassets in Resources */,
			);
			runOnlyForDeploymentPostprocessing = 0;
		};
		C21C85E91BCF4838004C78D2 /* Resources */ = {
			isa = PBXResourcesBuildPhase;
			buildActionMask = 2147483647;
			files = (
			);
			runOnlyForDeploymentPostprocessing = 0;
		};
/* End PBXResourcesBuildPhase section */

/* Begin PBXSourcesBuildPhase section */
		C21C85CE1BCF4838004C78D2 /* Sources */ = {
			isa = PBXSourcesBuildPhase;
			buildActionMask = 2147483647;
			files = (
				C20406011BD0A0CE002BE9D0 /* NSString+Icons.m in Sources */,
				C204060A1BD0A0CE002BE9D0 /* UIStepper+FlatUI.m in Sources */,
				C217E4BD1BD0A17300D5F866 /* UIColor+Chameleon.m in Sources */,
				C217E4BC1BD0A17300D5F866 /* UIButton+Chameleon.m in Sources */,
				C20406071BD0A0CE002BE9D0 /* UIPopoverController+FlatUI.m in Sources */,
				C217E4BB1BD0A17300D5F866 /* NSArray+Chameleon.m in Sources */,
				C20406001BD0A0CE002BE9D0 /* FUITextField.m in Sources */,
				C2CFC7AC1BD149D10025C8D6 /* AllMyDiary.m in Sources */,
				C21C85DB1BCF4838004C78D2 /* AppDelegate.m in Sources */,
				C217E4C11BD0A17300D5F866 /* UINavigationController+Chameleon.m in Sources */,
				C20405FA1BD0A0CE002BE9D0 /* FUIAlertView.m in Sources */,
				C217E4C21BD0A17300D5F866 /* UIView+ChameleonPrivate.m in Sources */,
				C21C86501BCF5B8D004C78D2 /* ShareViewController.m in Sources */,
				C204060C1BD0A0CE002BE9D0 /* UITableViewCell+FlatUI.m in Sources */,
				C217E4BE1BD0A17300D5F866 /* UIColor+ChameleonPrivate.m in Sources */,
				C2CFC7AF1BD14A2D0025C8D6 /* GetDataTools.m in Sources */,
				C21C86411BCF48B4004C78D2 /* CalendarViewController.m in Sources */,
				C21C87861BCFF4BA004C78D2 /* UIImage+TransformColorAndImage.m in Sources */,
				C21C86451BCF4F89004C78D2 /* MyDiaryTableViewController.m in Sources */,
				C21C87791BCFE47E004C78D2 /* PopUpBoxView.m in Sources */,
				C20405FB1BD0A0CE002BE9D0 /* FUIButton.m in Sources */,
				C217E4C31BD0A17300D5F866 /* UIViewController+Chameleon.m in Sources */,
				C20406041BD0A0CE002BE9D0 /* UIFont+FlatUI.m in Sources */,
				C20405FC1BD0A0CE002BE9D0 /* FUICellBackgroundView.m in Sources */,
				C21C85D81BCF4838004C78D2 /* main.m in Sources */,
				C217E4BA1BD0A17300D5F866 /* ChameleonConstants.m in Sources */,
				C20405FE1BD0A0CE002BE9D0 /* FUISegmentedControl.m in Sources */,
				C20406081BD0A0CE002BE9D0 /* UIProgressView+FlatUI.m in Sources */,
				C21C865F1BCF75AC004C78D2 /* AddDiaryViewController.m in Sources */,
				C20406021BD0A0CE002BE9D0 /* UIBarButtonItem+FlatUI.m in Sources */,
				C217E4C01BD0A17300D5F866 /* UILabel+Chameleon.m in Sources */,
				C217E4B91BD0A17300D5F866 /* Chameleon_.m in Sources */,
				C21C87891BCFF75E004C78D2 /* AddDiaryView.m in Sources */,
				C204060D1BD0A0CE002BE9D0 /* UIToolbar+FlatUI.m in Sources */,
				C21C877C1BCFE7C6004C78D2 /* PopUpBoxViewController.m in Sources */,
				C20406091BD0A0CE002BE9D0 /* UISlider+FlatUI.m in Sources */,
				C217E4BF1BD0A17300D5F866 /* UIImage+ChameleonPrivate.m in Sources */,
				C204060B1BD0A0CE002BE9D0 /* UITabBar+FlatUI.m in Sources */,
				C2CFC7A91BD143D20025C8D6 /* DayNote.xcdatamodeld in Sources */,
				C21C864D1BCF5B4A004C78D2 /* MoodViewController.m in Sources */,
				C21C87741BCFD61E004C78D2 /* RootTabBarViewController.m in Sources */,
				C20406051BD0A0CE002BE9D0 /* UIImage+FlatUI.m in Sources */,
				C20405FF1BD0A0CE002BE9D0 /* FUISwitch.m in Sources */,
				C20406031BD0A0CE002BE9D0 /* UIColor+FlatUI.m in Sources */,
				C20406061BD0A0CE002BE9D0 /* UINavigationBar+FlatUI.m in Sources */,
				C20405FD1BD0A0CE002BE9D0 /* FUIPopoverBackgroundView.m in Sources */,
				C21C86491BCF4FAF004C78D2 /* DiaryListTableViewCell.m in Sources */,
				C2E3EF831BD1EB45006A9FCD /* ConversionWithDate.m in Sources */,
			);
			runOnlyForDeploymentPostprocessing = 0;
		};
		C21C85E71BCF4838004C78D2 /* Sources */ = {
			isa = PBXSourcesBuildPhase;
			buildActionMask = 2147483647;
			files = (
				C21C85F21BCF4838004C78D2 /* DayNoteTests.m in Sources */,
			);
			runOnlyForDeploymentPostprocessing = 0;
		};
/* End PBXSourcesBuildPhase section */

/* Begin PBXTargetDependency section */
		C21C85ED1BCF4838004C78D2 /* PBXTargetDependency */ = {
			isa = PBXTargetDependency;
			target = C21C85D11BCF4838004C78D2 /* DayNote */;
			targetProxy = C21C85EC1BCF4838004C78D2 /* PBXContainerItemProxy */;
		};
/* End PBXTargetDependency section */

/* Begin PBXVariantGroup section */
		C21C85E41BCF4838004C78D2 /* LaunchScreen.xib */ = {
			isa = PBXVariantGroup;
			children = (
				C21C85E51BCF4838004C78D2 /* Base */,
			);
			name = LaunchScreen.xib;
			sourceTree = "<group>";
		};
/* End PBXVariantGroup section */

/* Begin XCBuildConfiguration section */
		C21C85F31BCF4838004C78D2 /* Debug */ = {
			isa = XCBuildConfiguration;
			buildSettings = {
				ALWAYS_SEARCH_USER_PATHS = NO;
				CLANG_CXX_LANGUAGE_STANDARD = "gnu++0x";
				CLANG_CXX_LIBRARY = "libc++";
				CLANG_ENABLE_MODULES = YES;
				CLANG_ENABLE_OBJC_ARC = YES;
				CLANG_WARN_BOOL_CONVERSION = YES;
				CLANG_WARN_CONSTANT_CONVERSION = YES;
				CLANG_WARN_DIRECT_OBJC_ISA_USAGE = YES_ERROR;
				CLANG_WARN_EMPTY_BODY = YES;
				CLANG_WARN_ENUM_CONVERSION = YES;
				CLANG_WARN_INT_CONVERSION = YES;
				CLANG_WARN_OBJC_ROOT_CLASS = YES_ERROR;
				CLANG_WARN_UNREACHABLE_CODE = YES;
				CLANG_WARN__DUPLICATE_METHOD_MATCH = YES;
				"CODE_SIGN_IDENTITY[sdk=iphoneos*]" = "iPhone Developer";
				COPY_PHASE_STRIP = NO;
				DEBUG_INFORMATION_FORMAT = "dwarf-with-dsym";
				ENABLE_STRICT_OBJC_MSGSEND = YES;
				GCC_C_LANGUAGE_STANDARD = gnu99;
				GCC_DYNAMIC_NO_PIC = NO;
				GCC_NO_COMMON_BLOCKS = YES;
				GCC_OPTIMIZATION_LEVEL = 0;
				GCC_PREPROCESSOR_DEFINITIONS = (
					"DEBUG=1",
					"$(inherited)",
				);
				GCC_SYMBOLS_PRIVATE_EXTERN = NO;
				GCC_WARN_64_TO_32_BIT_CONVERSION = YES;
				GCC_WARN_ABOUT_RETURN_TYPE = YES_ERROR;
				GCC_WARN_UNDECLARED_SELECTOR = YES;
				GCC_WARN_UNINITIALIZED_AUTOS = YES_AGGRESSIVE;
				GCC_WARN_UNUSED_FUNCTION = YES;
				GCC_WARN_UNUSED_VARIABLE = YES;
				IPHONEOS_DEPLOYMENT_TARGET = 8.4;
				MTL_ENABLE_DEBUG_INFO = YES;
				ONLY_ACTIVE_ARCH = YES;
				SDKROOT = iphoneos;
			};
			name = Debug;
		};
		C21C85F41BCF4838004C78D2 /* Release */ = {
			isa = XCBuildConfiguration;
			buildSettings = {
				ALWAYS_SEARCH_USER_PATHS = NO;
				CLANG_CXX_LANGUAGE_STANDARD = "gnu++0x";
				CLANG_CXX_LIBRARY = "libc++";
				CLANG_ENABLE_MODULES = YES;
				CLANG_ENABLE_OBJC_ARC = YES;
				CLANG_WARN_BOOL_CONVERSION = YES;
				CLANG_WARN_CONSTANT_CONVERSION = YES;
				CLANG_WARN_DIRECT_OBJC_ISA_USAGE = YES_ERROR;
				CLANG_WARN_EMPTY_BODY = YES;
				CLANG_WARN_ENUM_CONVERSION = YES;
				CLANG_WARN_INT_CONVERSION = YES;
				CLANG_WARN_OBJC_ROOT_CLASS = YES_ERROR;
				CLANG_WARN_UNREACHABLE_CODE = YES;
				CLANG_WARN__DUPLICATE_METHOD_MATCH = YES;
				"CODE_SIGN_IDENTITY[sdk=iphoneos*]" = "iPhone Developer";
				COPY_PHASE_STRIP = NO;
				DEBUG_INFORMATION_FORMAT = "dwarf-with-dsym";
				ENABLE_NS_ASSERTIONS = NO;
				ENABLE_STRICT_OBJC_MSGSEND = YES;
				GCC_C_LANGUAGE_STANDARD = gnu99;
				GCC_NO_COMMON_BLOCKS = YES;
				GCC_WARN_64_TO_32_BIT_CONVERSION = YES;
				GCC_WARN_ABOUT_RETURN_TYPE = YES_ERROR;
				GCC_WARN_UNDECLARED_SELECTOR = YES;
				GCC_WARN_UNINITIALIZED_AUTOS = YES_AGGRESSIVE;
				GCC_WARN_UNUSED_FUNCTION = YES;
				GCC_WARN_UNUSED_VARIABLE = YES;
				IPHONEOS_DEPLOYMENT_TARGET = 8.4;
				MTL_ENABLE_DEBUG_INFO = NO;
				SDKROOT = iphoneos;
				VALIDATE_PRODUCT = YES;
			};
			name = Release;
		};
		C21C85F61BCF4838004C78D2 /* Debug */ = {
			isa = XCBuildConfiguration;
			buildSettings = {
				ASSETCATALOG_COMPILER_APPICON_NAME = AppIcon;
				GCC_PREFIX_HEADER = "$(SRCROOT)/DayNote/PrefixHeader.pch";
				INFOPLIST_FILE = DayNote/Info.plist;
				LD_RUNPATH_SEARCH_PATHS = "$(inherited) @executable_path/Frameworks";
				PRODUCT_NAME = "$(TARGET_NAME)";
			};
			name = Debug;
		};
		C21C85F71BCF4838004C78D2 /* Release */ = {
			isa = XCBuildConfiguration;
			buildSettings = {
				ASSETCATALOG_COMPILER_APPICON_NAME = AppIcon;
				GCC_PREFIX_HEADER = "$(SRCROOT)/DayNote/PrefixHeader.pch";
				INFOPLIST_FILE = DayNote/Info.plist;
				LD_RUNPATH_SEARCH_PATHS = "$(inherited) @executable_path/Frameworks";
				PRODUCT_NAME = "$(TARGET_NAME)";
			};
			name = Release;
		};
		C21C85F91BCF4838004C78D2 /* Debug */ = {
			isa = XCBuildConfiguration;
			buildSettings = {
				BUNDLE_LOADER = "$(TEST_HOST)";
				FRAMEWORK_SEARCH_PATHS = (
					"$(SDKROOT)/Developer/Library/Frameworks",
					"$(inherited)",
				);
				GCC_PREPROCESSOR_DEFINITIONS = (
					"DEBUG=1",
					"$(inherited)",
				);
				INFOPLIST_FILE = DayNoteTests/Info.plist;
				LD_RUNPATH_SEARCH_PATHS = "$(inherited) @executable_path/Frameworks @loader_path/Frameworks";
				PRODUCT_NAME = "$(TARGET_NAME)";
				TEST_HOST = "$(BUILT_PRODUCTS_DIR)/DayNote.app/DayNote";
			};
			name = Debug;
		};
		C21C85FA1BCF4838004C78D2 /* Release */ = {
			isa = XCBuildConfiguration;
			buildSettings = {
				BUNDLE_LOADER = "$(TEST_HOST)";
				FRAMEWORK_SEARCH_PATHS = (
					"$(SDKROOT)/Developer/Library/Frameworks",
					"$(inherited)",
				);
				INFOPLIST_FILE = DayNoteTests/Info.plist;
				LD_RUNPATH_SEARCH_PATHS = "$(inherited) @executable_path/Frameworks @loader_path/Frameworks";
				PRODUCT_NAME = "$(TARGET_NAME)";
				TEST_HOST = "$(BUILT_PRODUCTS_DIR)/DayNote.app/DayNote";
			};
			name = Release;
		};
/* End XCBuildConfiguration section */

/* Begin XCConfigurationList section */
		C21C85CD1BCF4838004C78D2 /* Build configuration list for PBXProject "DayNote" */ = {
			isa = XCConfigurationList;
			buildConfigurations = (
				C21C85F31BCF4838004C78D2 /* Debug */,
				C21C85F41BCF4838004C78D2 /* Release */,
			);
			defaultConfigurationIsVisible = 0;
			defaultConfigurationName = Release;
		};
		C21C85F51BCF4838004C78D2 /* Build configuration list for PBXNativeTarget "DayNote" */ = {
			isa = XCConfigurationList;
			buildConfigurations = (
				C21C85F61BCF4838004C78D2 /* Debug */,
				C21C85F71BCF4838004C78D2 /* Release */,
			);
			defaultConfigurationIsVisible = 0;
			defaultConfigurationName = Release;
		};
		C21C85F81BCF4838004C78D2 /* Build configuration list for PBXNativeTarget "DayNoteTests" */ = {
			isa = XCConfigurationList;
			buildConfigurations = (
				C21C85F91BCF4838004C78D2 /* Debug */,
				C21C85FA1BCF4838004C78D2 /* Release */,
			);
			defaultConfigurationIsVisible = 0;
			defaultConfigurationName = Release;
		};
/* End XCConfigurationList section */

/* Begin XCVersionGroup section */
		C2CFC7A71BD143D20025C8D6 /* DayNote.xcdatamodeld */ = {
			isa = XCVersionGroup;
			children = (
				C2CFC7A81BD143D20025C8D6 /* DayNote.xcdatamodel */,
			);
			currentVersion = C2CFC7A81BD143D20025C8D6 /* DayNote.xcdatamodel */;
			path = DayNote.xcdatamodeld;
			sourceTree = "<group>";
			versionGroupType = wrapper.xcdatamodel;
		};
/* End XCVersionGroup section */
	};
	rootObject = C21C85CA1BCF4838004C78D2 /* Project object */;
}
