// !$*UTF8*$!
{
	archiveVersion = 1;
	classes = {
	};
	objectVersion = 46;
	objects = {

/* Begin PBXBuildFile section */
		BC0FCB137EFCE76FCB0BE23A /* libPods.a in Frameworks */ = {isa = PBXBuildFile; fileRef = 5A1A840A09730066F1A18310 /* libPods.a */; };
		C2BF2EB21BCE9BF800473AA8 /* main.m in Sources */ = {isa = PBXBuildFile; fileRef = C2BF2EB11BCE9BF800473AA8 /* main.m */; };
		C2BF2EB51BCE9BF800473AA8 /* AppDelegate.m in Sources */ = {isa = PBXBuildFile; fileRef = C2BF2EB41BCE9BF800473AA8 /* AppDelegate.m */; };
		C2BF2EBB1BCE9BF800473AA8 /* Main.storyboard in Resources */ = {isa = PBXBuildFile; fileRef = C2BF2EB91BCE9BF800473AA8 /* Main.storyboard */; };
		C2BF2EBD1BCE9BF800473AA8 /* Images.xcassets in Resources */ = {isa = PBXBuildFile; fileRef = C2BF2EBC1BCE9BF800473AA8 /* Images.xcassets */; };
		C2BF2EC01BCE9BF800473AA8 /* LaunchScreen.xib in Resources */ = {isa = PBXBuildFile; fileRef = C2BF2EBE1BCE9BF800473AA8 /* LaunchScreen.xib */; };
		C2BF2ECC1BCE9BF800473AA8 /* DayNotesTests.m in Sources */ = {isa = PBXBuildFile; fileRef = C2BF2ECB1BCE9BF800473AA8 /* DayNotesTests.m */; };
		C2BF2F0A1BCE9C2500473AA8 /* ImageToCOlor.m in Sources */ = {isa = PBXBuildFile; fileRef = C2BF2EE21BCE9C2500473AA8 /* ImageToCOlor.m */; };
		C2BF2F0B1BCE9C2500473AA8 /* NSData+ImageContentType.m in Sources */ = {isa = PBXBuildFile; fileRef = C2BF2EED1BCE9C2500473AA8 /* NSData+ImageContentType.m */; };
		C2BF2F0C1BCE9C2500473AA8 /* SDImageCache.m in Sources */ = {isa = PBXBuildFile; fileRef = C2BF2EEF1BCE9C2500473AA8 /* SDImageCache.m */; };
		C2BF2F0D1BCE9C2500473AA8 /* SDWebImageCompat.m in Sources */ = {isa = PBXBuildFile; fileRef = C2BF2EF11BCE9C2500473AA8 /* SDWebImageCompat.m */; };
		C2BF2F0E1BCE9C2500473AA8 /* SDWebImageDecoder.m in Sources */ = {isa = PBXBuildFile; fileRef = C2BF2EF31BCE9C2500473AA8 /* SDWebImageDecoder.m */; };
		C2BF2F0F1BCE9C2500473AA8 /* SDWebImageDownloader.m in Sources */ = {isa = PBXBuildFile; fileRef = C2BF2EF51BCE9C2500473AA8 /* SDWebImageDownloader.m */; };
		C2BF2F101BCE9C2500473AA8 /* SDWebImageDownloaderOperation.m in Sources */ = {isa = PBXBuildFile; fileRef = C2BF2EF71BCE9C2500473AA8 /* SDWebImageDownloaderOperation.m */; };
		C2BF2F111BCE9C2500473AA8 /* SDWebImageManager.m in Sources */ = {isa = PBXBuildFile; fileRef = C2BF2EF91BCE9C2500473AA8 /* SDWebImageManager.m */; };
		C2BF2F121BCE9C2500473AA8 /* SDWebImagePrefetcher.m in Sources */ = {isa = PBXBuildFile; fileRef = C2BF2EFC1BCE9C2500473AA8 /* SDWebImagePrefetcher.m */; };
		C2BF2F131BCE9C2500473AA8 /* UIButton+WebCache.m in Sources */ = {isa = PBXBuildFile; fileRef = C2BF2EFE1BCE9C2500473AA8 /* UIButton+WebCache.m */; };
		C2BF2F141BCE9C2500473AA8 /* UIImage+GIF.m in Sources */ = {isa = PBXBuildFile; fileRef = C2BF2F001BCE9C2500473AA8 /* UIImage+GIF.m */; };
		C2BF2F151BCE9C2500473AA8 /* UIImage+MultiFormat.m in Sources */ = {isa = PBXBuildFile; fileRef = C2BF2F021BCE9C2500473AA8 /* UIImage+MultiFormat.m */; };
		C2BF2F161BCE9C2500473AA8 /* UIImageView+HighlightedWebCache.m in Sources */ = {isa = PBXBuildFile; fileRef = C2BF2F041BCE9C2500473AA8 /* UIImageView+HighlightedWebCache.m */; };
		C2BF2F171BCE9C2500473AA8 /* UIImageView+WebCache.m in Sources */ = {isa = PBXBuildFile; fileRef = C2BF2F061BCE9C2500473AA8 /* UIImageView+WebCache.m */; };
		C2BF2F181BCE9C2500473AA8 /* UIView+WebCacheOperation.m in Sources */ = {isa = PBXBuildFile; fileRef = C2BF2F081BCE9C2500473AA8 /* UIView+WebCacheOperation.m */; };
/* End PBXBuildFile section */

/* Begin PBXContainerItemProxy section */
		C2BF2EC61BCE9BF800473AA8 /* PBXContainerItemProxy */ = {
			isa = PBXContainerItemProxy;
			containerPortal = C2BF2EA41BCE9BF800473AA8 /* Project object */;
			proxyType = 1;
			remoteGlobalIDString = C2BF2EAB1BCE9BF800473AA8;
			remoteInfo = DayNotes;
		};
/* End PBXContainerItemProxy section */

/* Begin PBXFileReference section */
		579831EFFD901BD77617B534 /* Pods.debug.xcconfig */ = {isa = PBXFileReference; includeInIndex = 1; lastKnownFileType = text.xcconfig; name = Pods.debug.xcconfig; path = "Pods/Target Support Files/Pods/Pods.debug.xcconfig"; sourceTree = "<group>"; };
		5A1A840A09730066F1A18310 /* libPods.a */ = {isa = PBXFileReference; explicitFileType = archive.ar; includeInIndex = 0; path = libPods.a; sourceTree = BUILT_PRODUCTS_DIR; };
		C2BF2EAC1BCE9BF800473AA8 /* DayNotes.app */ = {isa = PBXFileReference; explicitFileType = wrapper.application; includeInIndex = 0; path = DayNotes.app; sourceTree = BUILT_PRODUCTS_DIR; };
		C2BF2EB01BCE9BF800473AA8 /* Info.plist */ = {isa = PBXFileReference; lastKnownFileType = text.plist.xml; path = Info.plist; sourceTree = "<group>"; };
		C2BF2EB11BCE9BF800473AA8 /* main.m */ = {isa = PBXFileReference; lastKnownFileType = sourcecode.c.objc; path = main.m; sourceTree = "<group>"; };
		C2BF2EB31BCE9BF800473AA8 /* AppDelegate.h */ = {isa = PBXFileReference; lastKnownFileType = sourcecode.c.h; name = AppDelegate.h; path = ../../AppDelegate.h; sourceTree = "<group>"; };
		C2BF2EB41BCE9BF800473AA8 /* AppDelegate.m */ = {isa = PBXFileReference; lastKnownFileType = sourcecode.c.objc; name = AppDelegate.m; path = ../../AppDelegate.m; sourceTree = "<group>"; };
		C2BF2EBA1BCE9BF800473AA8 /* Base */ = {isa = PBXFileReference; lastKnownFileType = file.storyboard; name = Base; path = Base.lproj/Main.storyboard; sourceTree = "<group>"; };
		C2BF2EBC1BCE9BF800473AA8 /* Images.xcassets */ = {isa = PBXFileReference; lastKnownFileType = folder.assetcatalog; path = Images.xcassets; sourceTree = "<group>"; };
		C2BF2EBF1BCE9BF800473AA8 /* Base */ = {isa = PBXFileReference; lastKnownFileType = file.xib; name = Base; path = Base.lproj/LaunchScreen.xib; sourceTree = "<group>"; };
		C2BF2EC51BCE9BF800473AA8 /* DayNotesTests.xctest */ = {isa = PBXFileReference; explicitFileType = wrapper.cfbundle; includeInIndex = 0; path = DayNotesTests.xctest; sourceTree = BUILT_PRODUCTS_DIR; };
		C2BF2ECA1BCE9BF800473AA8 /* Info.plist */ = {isa = PBXFileReference; lastKnownFileType = text.plist.xml; path = Info.plist; sourceTree = "<group>"; };
		C2BF2ECB1BCE9BF800473AA8 /* DayNotesTests.m */ = {isa = PBXFileReference; lastKnownFileType = sourcecode.c.objc; path = DayNotesTests.m; sourceTree = "<group>"; };
		C2BF2EE11BCE9C2500473AA8 /* ImageToCOlor.h */ = {isa = PBXFileReference; fileEncoding = 4; lastKnownFileType = sourcecode.c.h; path = ImageToCOlor.h; sourceTree = "<group>"; };
		C2BF2EE21BCE9C2500473AA8 /* ImageToCOlor.m */ = {isa = PBXFileReference; fileEncoding = 4; lastKnownFileType = sourcecode.c.objc; path = ImageToCOlor.m; sourceTree = "<group>"; };
		C2BF2EE41BCE9C2500473AA8 /* APPHeader.h */ = {isa = PBXFileReference; fileEncoding = 4; lastKnownFileType = sourcecode.c.h; path = APPHeader.h; sourceTree = "<group>"; };
		C2BF2EE51BCE9C2500473AA8 /* IMPHeader.h */ = {isa = PBXFileReference; fileEncoding = 4; lastKnownFileType = sourcecode.c.h; path = IMPHeader.h; sourceTree = "<group>"; };
		C2BF2EE61BCE9C2500473AA8 /* KEYHeader.h */ = {isa = PBXFileReference; fileEncoding = 4; lastKnownFileType = sourcecode.c.h; path = KEYHeader.h; sourceTree = "<group>"; };
		C2BF2EE71BCE9C2500473AA8 /* URLHeader.h */ = {isa = PBXFileReference; fileEncoding = 4; lastKnownFileType = sourcecode.c.h; path = URLHeader.h; sourceTree = "<group>"; };
		C2BF2EEC1BCE9C2500473AA8 /* NSData+ImageContentType.h */ = {isa = PBXFileReference; fileEncoding = 4; lastKnownFileType = sourcecode.c.h; path = "NSData+ImageContentType.h"; sourceTree = "<group>"; };
		C2BF2EED1BCE9C2500473AA8 /* NSData+ImageContentType.m */ = {isa = PBXFileReference; fileEncoding = 4; lastKnownFileType = sourcecode.c.objc; path = "NSData+ImageContentType.m"; sourceTree = "<group>"; };
		C2BF2EEE1BCE9C2500473AA8 /* SDImageCache.h */ = {isa = PBXFileReference; fileEncoding = 4; lastKnownFileType = sourcecode.c.h; path = SDImageCache.h; sourceTree = "<group>"; };
		C2BF2EEF1BCE9C2500473AA8 /* SDImageCache.m */ = {isa = PBXFileReference; fileEncoding = 4; lastKnownFileType = sourcecode.c.objc; path = SDImageCache.m; sourceTree = "<group>"; };
		C2BF2EF01BCE9C2500473AA8 /* SDWebImageCompat.h */ = {isa = PBXFileReference; fileEncoding = 4; lastKnownFileType = sourcecode.c.h; path = SDWebImageCompat.h; sourceTree = "<group>"; };
		C2BF2EF11BCE9C2500473AA8 /* SDWebImageCompat.m */ = {isa = PBXFileReference; fileEncoding = 4; lastKnownFileType = sourcecode.c.objc; path = SDWebImageCompat.m; sourceTree = "<group>"; };
		C2BF2EF21BCE9C2500473AA8 /* SDWebImageDecoder.h */ = {isa = PBXFileReference; fileEncoding = 4; lastKnownFileType = sourcecode.c.h; path = SDWebImageDecoder.h; sourceTree = "<group>"; };
		C2BF2EF31BCE9C2500473AA8 /* SDWebImageDecoder.m */ = {isa = PBXFileReference; fileEncoding = 4; lastKnownFileType = sourcecode.c.objc; path = SDWebImageDecoder.m; sourceTree = "<group>"; };
		C2BF2EF41BCE9C2500473AA8 /* SDWebImageDownloader.h */ = {isa = PBXFileReference; fileEncoding = 4; lastKnownFileType = sourcecode.c.h; path = SDWebImageDownloader.h; sourceTree = "<group>"; };
		C2BF2EF51BCE9C2500473AA8 /* SDWebImageDownloader.m */ = {isa = PBXFileReference; fileEncoding = 4; lastKnownFileType = sourcecode.c.objc; path = SDWebImageDownloader.m; sourceTree = "<group>"; };
		C2BF2EF61BCE9C2500473AA8 /* SDWebImageDownloaderOperation.h */ = {isa = PBXFileReference; fileEncoding = 4; lastKnownFileType = sourcecode.c.h; path = SDWebImageDownloaderOperation.h; sourceTree = "<group>"; };
		C2BF2EF71BCE9C2500473AA8 /* SDWebImageDownloaderOperation.m */ = {isa = PBXFileReference; fileEncoding = 4; lastKnownFileType = sourcecode.c.objc; path = SDWebImageDownloaderOperation.m; sourceTree = "<group>"; };
		C2BF2EF81BCE9C2500473AA8 /* SDWebImageManager.h */ = {isa = PBXFileReference; fileEncoding = 4; lastKnownFileType = sourcecode.c.h; path = SDWebImageManager.h; sourceTree = "<group>"; };
		C2BF2EF91BCE9C2500473AA8 /* SDWebImageManager.m */ = {isa = PBXFileReference; fileEncoding = 4; lastKnownFileType = sourcecode.c.objc; path = SDWebImageManager.m; sourceTree = "<group>"; };
		C2BF2EFA1BCE9C2500473AA8 /* SDWebImageOperation.h */ = {isa = PBXFileReference; fileEncoding = 4; lastKnownFileType = sourcecode.c.h; path = SDWebImageOperation.h; sourceTree = "<group>"; };
		C2BF2EFB1BCE9C2500473AA8 /* SDWebImagePrefetcher.h */ = {isa = PBXFileReference; fileEncoding = 4; lastKnownFileType = sourcecode.c.h; path = SDWebImagePrefetcher.h; sourceTree = "<group>"; };
		C2BF2EFC1BCE9C2500473AA8 /* SDWebImagePrefetcher.m */ = {isa = PBXFileReference; fileEncoding = 4; lastKnownFileType = sourcecode.c.objc; path = SDWebImagePrefetcher.m; sourceTree = "<group>"; };
		C2BF2EFD1BCE9C2500473AA8 /* UIButton+WebCache.h */ = {isa = PBXFileReference; fileEncoding = 4; lastKnownFileType = sourcecode.c.h; path = "UIButton+WebCache.h"; sourceTree = "<group>"; };
		C2BF2EFE1BCE9C2500473AA8 /* UIButton+WebCache.m */ = {isa = PBXFileReference; fileEncoding = 4; lastKnownFileType = sourcecode.c.objc; path = "UIButton+WebCache.m"; sourceTree = "<group>"; };
		C2BF2EFF1BCE9C2500473AA8 /* UIImage+GIF.h */ = {isa = PBXFileReference; fileEncoding = 4; lastKnownFileType = sourcecode.c.h; path = "UIImage+GIF.h"; sourceTree = "<group>"; };
		C2BF2F001BCE9C2500473AA8 /* UIImage+GIF.m */ = {isa = PBXFileReference; fileEncoding = 4; lastKnownFileType = sourcecode.c.objc; path = "UIImage+GIF.m"; sourceTree = "<group>"; };
		C2BF2F011BCE9C2500473AA8 /* UIImage+MultiFormat.h */ = {isa = PBXFileReference; fileEncoding = 4; lastKnownFileType = sourcecode.c.h; path = "UIImage+MultiFormat.h"; sourceTree = "<group>"; };
		C2BF2F021BCE9C2500473AA8 /* UIImage+MultiFormat.m */ = {isa = PBXFileReference; fileEncoding = 4; lastKnownFileType = sourcecode.c.objc; path = "UIImage+MultiFormat.m"; sourceTree = "<group>"; };
		C2BF2F031BCE9C2500473AA8 /* UIImageView+HighlightedWebCache.h */ = {isa = PBXFileReference; fileEncoding = 4; lastKnownFileType = sourcecode.c.h; path = "UIImageView+HighlightedWebCache.h"; sourceTree = "<group>"; };
		C2BF2F041BCE9C2500473AA8 /* UIImageView+HighlightedWebCache.m */ = {isa = PBXFileReference; fileEncoding = 4; lastKnownFileType = sourcecode.c.objc; path = "UIImageView+HighlightedWebCache.m"; sourceTree = "<group>"; };
		C2BF2F051BCE9C2500473AA8 /* UIImageView+WebCache.h */ = {isa = PBXFileReference; fileEncoding = 4; lastKnownFileType = sourcecode.c.h; path = "UIImageView+WebCache.h"; sourceTree = "<group>"; };
		C2BF2F061BCE9C2500473AA8 /* UIImageView+WebCache.m */ = {isa = PBXFileReference; fileEncoding = 4; lastKnownFileType = sourcecode.c.objc; path = "UIImageView+WebCache.m"; sourceTree = "<group>"; };
		C2BF2F071BCE9C2500473AA8 /* UIView+WebCacheOperation.h */ = {isa = PBXFileReference; fileEncoding = 4; lastKnownFileType = sourcecode.c.h; path = "UIView+WebCacheOperation.h"; sourceTree = "<group>"; };
		C2BF2F081BCE9C2500473AA8 /* UIView+WebCacheOperation.m */ = {isa = PBXFileReference; fileEncoding = 4; lastKnownFileType = sourcecode.c.objc; path = "UIView+WebCacheOperation.m"; sourceTree = "<group>"; };
		C2BF2F191BCE9D2900473AA8 /* PrefixHeader.pch */ = {isa = PBXFileReference; lastKnownFileType = sourcecode.c.h; path = PrefixHeader.pch; sourceTree = "<group>"; };
		FC6B3B9F0856D5308F578758 /* Pods.release.xcconfig */ = {isa = PBXFileReference; includeInIndex = 1; lastKnownFileType = text.xcconfig; name = Pods.release.xcconfig; path = "Pods/Target Support Files/Pods/Pods.release.xcconfig"; sourceTree = "<group>"; };
/* End PBXFileReference section */

/* Begin PBXFrameworksBuildPhase section */
		C2BF2EA91BCE9BF800473AA8 /* Frameworks */ = {
			isa = PBXFrameworksBuildPhase;
			buildActionMask = 2147483647;
			files = (
				BC0FCB137EFCE76FCB0BE23A /* libPods.a in Frameworks */,
			);
			runOnlyForDeploymentPostprocessing = 0;
		};
		C2BF2EC21BCE9BF800473AA8 /* Frameworks */ = {
			isa = PBXFrameworksBuildPhase;
			buildActionMask = 2147483647;
			files = (
			);
			runOnlyForDeploymentPostprocessing = 0;
		};
/* End PBXFrameworksBuildPhase section */

/* Begin PBXGroup section */
		4CF9F989F2A4EFF57D6F04C1 /* Pods */ = {
			isa = PBXGroup;
			children = (
				579831EFFD901BD77617B534 /* Pods.debug.xcconfig */,
				FC6B3B9F0856D5308F578758 /* Pods.release.xcconfig */,
			);
			name = Pods;
			sourceTree = "<group>";
		};
		8E5650B38105AA30583E6226 /* Frameworks */ = {
			isa = PBXGroup;
			children = (
				5A1A840A09730066F1A18310 /* libPods.a */,
			);
			name = Frameworks;
			sourceTree = "<group>";
		};
		C2BF2EA31BCE9BF800473AA8 = {
			isa = PBXGroup;
			children = (
				C2BF2EAE1BCE9BF800473AA8 /* DayNotes */,
				C2BF2EC81BCE9BF800473AA8 /* DayNotesTests */,
				C2BF2EAD1BCE9BF800473AA8 /* Products */,
				4CF9F989F2A4EFF57D6F04C1 /* Pods */,
				8E5650B38105AA30583E6226 /* Frameworks */,
			);
			sourceTree = "<group>";
		};
		C2BF2EAD1BCE9BF800473AA8 /* Products */ = {
			isa = PBXGroup;
			children = (
				C2BF2EAC1BCE9BF800473AA8 /* DayNotes.app */,
				C2BF2EC51BCE9BF800473AA8 /* DayNotesTests.xctest */,
			);
			name = Products;
			sourceTree = "<group>";
		};
		C2BF2EAE1BCE9BF800473AA8 /* DayNotes */ = {
			isa = PBXGroup;
			children = (
				C2BF2ED51BCE9C2500473AA8 /* Source */,
				C2BF2EB91BCE9BF800473AA8 /* Main.storyboard */,
				C2BF2EBC1BCE9BF800473AA8 /* Images.xcassets */,
				C2BF2EBE1BCE9BF800473AA8 /* LaunchScreen.xib */,
				C2BF2F191BCE9D2900473AA8 /* PrefixHeader.pch */,
				C2BF2EAF1BCE9BF800473AA8 /* Supporting Files */,
			);
			path = DayNotes;
			sourceTree = "<group>";
		};
		C2BF2EAF1BCE9BF800473AA8 /* Supporting Files */ = {
			isa = PBXGroup;
			children = (
				C2BF2EB01BCE9BF800473AA8 /* Info.plist */,
				C2BF2EB11BCE9BF800473AA8 /* main.m */,
			);
			name = "Supporting Files";
			sourceTree = "<group>";
		};
		C2BF2EC81BCE9BF800473AA8 /* DayNotesTests */ = {
			isa = PBXGroup;
			children = (
				C2BF2ECB1BCE9BF800473AA8 /* DayNotesTests.m */,
				C2BF2EC91BCE9BF800473AA8 /* Supporting Files */,
			);
			path = DayNotesTests;
			sourceTree = "<group>";
		};
		C2BF2EC91BCE9BF800473AA8 /* Supporting Files */ = {
			isa = PBXGroup;
			children = (
				C2BF2ECA1BCE9BF800473AA8 /* Info.plist */,
			);
			name = "Supporting Files";
			sourceTree = "<group>";
		};
		C2BF2ED51BCE9C2500473AA8 /* Source */ = {
			isa = PBXGroup;
			children = (
				C2BF2ED61BCE9C2500473AA8 /* Application */,
				C2BF2ED71BCE9C2500473AA8 /* BaseClass */,
				C2BF2ED81BCE9C2500473AA8 /* CodeClass */,
				C2BF2EDC1BCE9C2500473AA8 /* DataBase */,
				C2BF2EDD1BCE9C2500473AA8 /* EnNetWork */,
				C2BF2EDE1BCE9C2500473AA8 /* Framework */,
				C2BF2EDF1BCE9C2500473AA8 /* Global */,
				C2BF2EE01BCE9C2500473AA8 /* Helper */,
				C2BF2EE31BCE9C2500473AA8 /* Macro */,
				C2BF2EE81BCE9C2500473AA8 /* Resources */,
				C2BF2EE91BCE9C2500473AA8 /* TheThird */,
			);
			path = Source;
			sourceTree = "<group>";
		};
		C2BF2ED61BCE9C2500473AA8 /* Application */ = {
			isa = PBXGroup;
			children = (
				C2BF2EB31BCE9BF800473AA8 /* AppDelegate.h */,
				C2BF2EB41BCE9BF800473AA8 /* AppDelegate.m */,
			);
			path = Application;
			sourceTree = "<group>";
		};
		C2BF2ED71BCE9C2500473AA8 /* BaseClass */ = {
			isa = PBXGroup;
			children = (
			);
			path = BaseClass;
			sourceTree = "<group>";
		};
		C2BF2ED81BCE9C2500473AA8 /* CodeClass */ = {
			isa = PBXGroup;
			children = (
				C2BF2ED91BCE9C2500473AA8 /* Controller */,
				C2BF2EDA1BCE9C2500473AA8 /* Model */,
				C2BF2EDB1BCE9C2500473AA8 /* View */,
			);
			path = CodeClass;
			sourceTree = "<group>";
		};
		C2BF2ED91BCE9C2500473AA8 /* Controller */ = {
			isa = PBXGroup;
			children = (
			);
			path = Controller;
			sourceTree = "<group>";
		};
		C2BF2EDA1BCE9C2500473AA8 /* Model */ = {
			isa = PBXGroup;
			children = (
			);
			path = Model;
			sourceTree = "<group>";
		};
		C2BF2EDB1BCE9C2500473AA8 /* View */ = {
			isa = PBXGroup;
			children = (
			);
			path = View;
			sourceTree = "<group>";
		};
		C2BF2EDC1BCE9C2500473AA8 /* DataBase */ = {
			isa = PBXGroup;
			children = (
			);
			path = DataBase;
			sourceTree = "<group>";
		};
		C2BF2EDD1BCE9C2500473AA8 /* EnNetWork */ = {
			isa = PBXGroup;
			children = (
			);
			path = EnNetWork;
			sourceTree = "<group>";
		};
		C2BF2EDE1BCE9C2500473AA8 /* Framework */ = {
			isa = PBXGroup;
			children = (
			);
			path = Framework;
			sourceTree = "<group>";
		};
		C2BF2EDF1BCE9C2500473AA8 /* Global */ = {
			isa = PBXGroup;
			children = (
			);
			path = Global;
			sourceTree = "<group>";
		};
		C2BF2EE01BCE9C2500473AA8 /* Helper */ = {
			isa = PBXGroup;
			children = (
				C2BF2EE11BCE9C2500473AA8 /* ImageToCOlor.h */,
				C2BF2EE21BCE9C2500473AA8 /* ImageToCOlor.m */,
			);
			path = Helper;
			sourceTree = "<group>";
		};
		C2BF2EE31BCE9C2500473AA8 /* Macro */ = {
			isa = PBXGroup;
			children = (
				C2BF2EE41BCE9C2500473AA8 /* APPHeader.h */,
				C2BF2EE51BCE9C2500473AA8 /* IMPHeader.h */,
				C2BF2EE61BCE9C2500473AA8 /* KEYHeader.h */,
				C2BF2EE71BCE9C2500473AA8 /* URLHeader.h */,
			);
			path = Macro;
			sourceTree = "<group>";
		};
		C2BF2EE81BCE9C2500473AA8 /* Resources */ = {
			isa = PBXGroup;
			children = (
			);
			path = Resources;
			sourceTree = "<group>";
		};
		C2BF2EE91BCE9C2500473AA8 /* TheThird */ = {
			isa = PBXGroup;
			children = (
				C2BF2EEA1BCE9C2500473AA8 /* AFNetworking */,
				C2BF2EEB1BCE9C2500473AA8 /* SDWebImage */,
				C2BF2F091BCE9C2500473AA8 /* UIKit+AFNetworking */,
			);
			path = TheThird;
			sourceTree = "<group>";
		};
		C2BF2EEA1BCE9C2500473AA8 /* AFNetworking */ = {
			isa = PBXGroup;
			children = (
			);
			path = AFNetworking;
			sourceTree = "<group>";
		};
		C2BF2EEB1BCE9C2500473AA8 /* SDWebImage */ = {
			isa = PBXGroup;
			children = (
				C2BF2EEC1BCE9C2500473AA8 /* NSData+ImageContentType.h */,
				C2BF2EED1BCE9C2500473AA8 /* NSData+ImageContentType.m */,
				C2BF2EEE1BCE9C2500473AA8 /* SDImageCache.h */,
				C2BF2EEF1BCE9C2500473AA8 /* SDImageCache.m */,
				C2BF2EF01BCE9C2500473AA8 /* SDWebImageCompat.h */,
				C2BF2EF11BCE9C2500473AA8 /* SDWebImageCompat.m */,
				C2BF2EF21BCE9C2500473AA8 /* SDWebImageDecoder.h */,
				C2BF2EF31BCE9C2500473AA8 /* SDWebImageDecoder.m */,
				C2BF2EF41BCE9C2500473AA8 /* SDWebImageDownloader.h */,
				C2BF2EF51BCE9C2500473AA8 /* SDWebImageDownloader.m */,
				C2BF2EF61BCE9C2500473AA8 /* SDWebImageDownloaderOperation.h */,
				C2BF2EF71BCE9C2500473AA8 /* SDWebImageDownloaderOperation.m */,
				C2BF2EF81BCE9C2500473AA8 /* SDWebImageManager.h */,
				C2BF2EF91BCE9C2500473AA8 /* SDWebImageManager.m */,
				C2BF2EFA1BCE9C2500473AA8 /* SDWebImageOperation.h */,
				C2BF2EFB1BCE9C2500473AA8 /* SDWebImagePrefetcher.h */,
				C2BF2EFC1BCE9C2500473AA8 /* SDWebImagePrefetcher.m */,
				C2BF2EFD1BCE9C2500473AA8 /* UIButton+WebCache.h */,
				C2BF2EFE1BCE9C2500473AA8 /* UIButton+WebCache.m */,
				C2BF2EFF1BCE9C2500473AA8 /* UIImage+GIF.h */,
				C2BF2F001BCE9C2500473AA8 /* UIImage+GIF.m */,
				C2BF2F011BCE9C2500473AA8 /* UIImage+MultiFormat.h */,
				C2BF2F021BCE9C2500473AA8 /* UIImage+MultiFormat.m */,
				C2BF2F031BCE9C2500473AA8 /* UIImageView+HighlightedWebCache.h */,
				C2BF2F041BCE9C2500473AA8 /* UIImageView+HighlightedWebCache.m */,
				C2BF2F051BCE9C2500473AA8 /* UIImageView+WebCache.h */,
				C2BF2F061BCE9C2500473AA8 /* UIImageView+WebCache.m */,
				C2BF2F071BCE9C2500473AA8 /* UIView+WebCacheOperation.h */,
				C2BF2F081BCE9C2500473AA8 /* UIView+WebCacheOperation.m */,
			);
			path = SDWebImage;
			sourceTree = "<group>";
		};
		C2BF2F091BCE9C2500473AA8 /* UIKit+AFNetworking */ = {
			isa = PBXGroup;
			children = (
			);
			path = "UIKit+AFNetworking";
			sourceTree = "<group>";
		};
/* End PBXGroup section */

/* Begin PBXNativeTarget section */
		C2BF2EAB1BCE9BF800473AA8 /* DayNotes */ = {
			isa = PBXNativeTarget;
			buildConfigurationList = C2BF2ECF1BCE9BF800473AA8 /* Build configuration list for PBXNativeTarget "DayNotes" */;
			buildPhases = (
				FCE037CF304BCB1B34AD3F18 /* Check Pods Manifest.lock */,
				C2BF2EA81BCE9BF800473AA8 /* Sources */,
				C2BF2EA91BCE9BF800473AA8 /* Frameworks */,
				C2BF2EAA1BCE9BF800473AA8 /* Resources */,
				C4AF8E1DA6F6F85B480B63C2 /* Copy Pods Resources */,
			);
			buildRules = (
			);
			dependencies = (
			);
			name = DayNotes;
			productName = DayNotes;
			productReference = C2BF2EAC1BCE9BF800473AA8 /* DayNotes.app */;
			productType = "com.apple.product-type.application";
		};
		C2BF2EC41BCE9BF800473AA8 /* DayNotesTests */ = {
			isa = PBXNativeTarget;
			buildConfigurationList = C2BF2ED21BCE9BF800473AA8 /* Build configuration list for PBXNativeTarget "DayNotesTests" */;
			buildPhases = (
				C2BF2EC11BCE9BF800473AA8 /* Sources */,
				C2BF2EC21BCE9BF800473AA8 /* Frameworks */,
				C2BF2EC31BCE9BF800473AA8 /* Resources */,
			);
			buildRules = (
			);
			dependencies = (
				C2BF2EC71BCE9BF800473AA8 /* PBXTargetDependency */,
			);
			name = DayNotesTests;
			productName = DayNotesTests;
			productReference = C2BF2EC51BCE9BF800473AA8 /* DayNotesTests.xctest */;
			productType = "com.apple.product-type.bundle.unit-test";
		};
/* End PBXNativeTarget section */

/* Begin PBXProject section */
		C2BF2EA41BCE9BF800473AA8 /* Project object */ = {
			isa = PBXProject;
			attributes = {
				LastUpgradeCheck = 0640;
				ORGANIZATIONNAME = "郭兆伟";
				TargetAttributes = {
					C2BF2EAB1BCE9BF800473AA8 = {
						CreatedOnToolsVersion = 6.4;
					};
					C2BF2EC41BCE9BF800473AA8 = {
						CreatedOnToolsVersion = 6.4;
						TestTargetID = C2BF2EAB1BCE9BF800473AA8;
					};
				};
			};
			buildConfigurationList = C2BF2EA71BCE9BF800473AA8 /* Build configuration list for PBXProject "DayNotes" */;
			compatibilityVersion = "Xcode 3.2";
			developmentRegion = English;
			hasScannedForEncodings = 0;
			knownRegions = (
				en,
				Base,
			);
			mainGroup = C2BF2EA31BCE9BF800473AA8;
			productRefGroup = C2BF2EAD1BCE9BF800473AA8 /* Products */;
			projectDirPath = "";
			projectRoot = "";
			targets = (
				C2BF2EAB1BCE9BF800473AA8 /* DayNotes */,
				C2BF2EC41BCE9BF800473AA8 /* DayNotesTests */,
			);
		};
/* End PBXProject section */

/* Begin PBXResourcesBuildPhase section */
		C2BF2EAA1BCE9BF800473AA8 /* Resources */ = {
			isa = PBXResourcesBuildPhase;
			buildActionMask = 2147483647;
			files = (
				C2BF2EBB1BCE9BF800473AA8 /* Main.storyboard in Resources */,
				C2BF2EC01BCE9BF800473AA8 /* LaunchScreen.xib in Resources */,
				C2BF2EBD1BCE9BF800473AA8 /* Images.xcassets in Resources */,
			);
			runOnlyForDeploymentPostprocessing = 0;
		};
		C2BF2EC31BCE9BF800473AA8 /* Resources */ = {
			isa = PBXResourcesBuildPhase;
			buildActionMask = 2147483647;
			files = (
			);
			runOnlyForDeploymentPostprocessing = 0;
		};
/* End PBXResourcesBuildPhase section */

/* Begin PBXShellScriptBuildPhase section */
		C4AF8E1DA6F6F85B480B63C2 /* Copy Pods Resources */ = {
			isa = PBXShellScriptBuildPhase;
			buildActionMask = 2147483647;
			files = (
			);
			inputPaths = (
			);
			name = "Copy Pods Resources";
			outputPaths = (
			);
			runOnlyForDeploymentPostprocessing = 0;
			shellPath = /bin/sh;
			shellScript = "\"${SRCROOT}/Pods/Target Support Files/Pods/Pods-resources.sh\"\n";
			showEnvVarsInLog = 0;
		};
		FCE037CF304BCB1B34AD3F18 /* Check Pods Manifest.lock */ = {
			isa = PBXShellScriptBuildPhase;
			buildActionMask = 2147483647;
			files = (
			);
			inputPaths = (
			);
			name = "Check Pods Manifest.lock";
			outputPaths = (
			);
			runOnlyForDeploymentPostprocessing = 0;
			shellPath = /bin/sh;
			shellScript = "diff \"${PODS_ROOT}/../Podfile.lock\" \"${PODS_ROOT}/Manifest.lock\" > /dev/null\nif [[ $? != 0 ]] ; then\n    cat << EOM\nerror: The sandbox is not in sync with the Podfile.lock. Run 'pod install' or update your CocoaPods installation.\nEOM\n    exit 1\nfi\n";
			showEnvVarsInLog = 0;
		};
/* End PBXShellScriptBuildPhase section */

/* Begin PBXSourcesBuildPhase section */
		C2BF2EA81BCE9BF800473AA8 /* Sources */ = {
			isa = PBXSourcesBuildPhase;
			buildActionMask = 2147483647;
			files = (
				C2BF2F0B1BCE9C2500473AA8 /* NSData+ImageContentType.m in Sources */,
				C2BF2F111BCE9C2500473AA8 /* SDWebImageManager.m in Sources */,
				C2BF2F161BCE9C2500473AA8 /* UIImageView+HighlightedWebCache.m in Sources */,
				C2BF2F0F1BCE9C2500473AA8 /* SDWebImageDownloader.m in Sources */,
				C2BF2F171BCE9C2500473AA8 /* UIImageView+WebCache.m in Sources */,
				C2BF2F0C1BCE9C2500473AA8 /* SDImageCache.m in Sources */,
				C2BF2EB51BCE9BF800473AA8 /* AppDelegate.m in Sources */,
				C2BF2F0E1BCE9C2500473AA8 /* SDWebImageDecoder.m in Sources */,
				C2BF2F151BCE9C2500473AA8 /* UIImage+MultiFormat.m in Sources */,
				C2BF2F101BCE9C2500473AA8 /* SDWebImageDownloaderOperation.m in Sources */,
				C2BF2F0A1BCE9C2500473AA8 /* ImageToCOlor.m in Sources */,
				C2BF2F131BCE9C2500473AA8 /* UIButton+WebCache.m in Sources */,
				C2BF2F121BCE9C2500473AA8 /* SDWebImagePrefetcher.m in Sources */,
				C2BF2F0D1BCE9C2500473AA8 /* SDWebImageCompat.m in Sources */,
				C2BF2F141BCE9C2500473AA8 /* UIImage+GIF.m in Sources */,
				C2BF2F181BCE9C2500473AA8 /* UIView+WebCacheOperation.m in Sources */,
				C2BF2EB21BCE9BF800473AA8 /* main.m in Sources */,
			);
			runOnlyForDeploymentPostprocessing = 0;
		};
		C2BF2EC11BCE9BF800473AA8 /* Sources */ = {
			isa = PBXSourcesBuildPhase;
			buildActionMask = 2147483647;
			files = (
				C2BF2ECC1BCE9BF800473AA8 /* DayNotesTests.m in Sources */,
			);
			runOnlyForDeploymentPostprocessing = 0;
		};
/* End PBXSourcesBuildPhase section */

/* Begin PBXTargetDependency section */
		C2BF2EC71BCE9BF800473AA8 /* PBXTargetDependency */ = {
			isa = PBXTargetDependency;
			target = C2BF2EAB1BCE9BF800473AA8 /* DayNotes */;
			targetProxy = C2BF2EC61BCE9BF800473AA8 /* PBXContainerItemProxy */;
		};
/* End PBXTargetDependency section */

/* Begin PBXVariantGroup section */
		C2BF2EB91BCE9BF800473AA8 /* Main.storyboard */ = {
			isa = PBXVariantGroup;
			children = (
				C2BF2EBA1BCE9BF800473AA8 /* Base */,
			);
			name = Main.storyboard;
			sourceTree = "<group>";
		};
		C2BF2EBE1BCE9BF800473AA8 /* LaunchScreen.xib */ = {
			isa = PBXVariantGroup;
			children = (
				C2BF2EBF1BCE9BF800473AA8 /* Base */,
			);
			name = LaunchScreen.xib;
			sourceTree = "<group>";
		};
/* End PBXVariantGroup section */

/* Begin XCBuildConfiguration section */
		C2BF2ECD1BCE9BF800473AA8 /* Debug */ = {
			isa = XCBuildConfiguration;
			buildSettings = {
				ALWAYS_SEARCH_USER_PATHS = NO;
				CLANG_CXX_LANGUAGE_STANDARD = "gnu++0x";
				CLANG_CXX_LIBRARY = "libc++";
				CLANG_ENABLE_MODULES = YES;
				CLANG_ENABLE_OBJC_ARC = YES;
				CLANG_WARN_BOOL_CONVERSION = YES;
				CLANG_WARN_CONSTANT_CONVERSION = YES;
				CLANG_WARN_DIRECT_OBJC_ISA_USAGE = YES_ERROR;
				CLANG_WARN_EMPTY_BODY = YES;
				CLANG_WARN_ENUM_CONVERSION = YES;
				CLANG_WARN_INT_CONVERSION = YES;
				CLANG_WARN_OBJC_ROOT_CLASS = YES_ERROR;
				CLANG_WARN_UNREACHABLE_CODE = YES;
				CLANG_WARN__DUPLICATE_METHOD_MATCH = YES;
				"CODE_SIGN_IDENTITY[sdk=iphoneos*]" = "iPhone Developer";
				COPY_PHASE_STRIP = NO;
				DEBUG_INFORMATION_FORMAT = "dwarf-with-dsym";
				ENABLE_STRICT_OBJC_MSGSEND = YES;
				GCC_C_LANGUAGE_STANDARD = gnu99;
				GCC_DYNAMIC_NO_PIC = NO;
				GCC_NO_COMMON_BLOCKS = YES;
				GCC_OPTIMIZATION_LEVEL = 0;
				GCC_PREPROCESSOR_DEFINITIONS = (
					"DEBUG=1",
					"$(inherited)",
				);
				GCC_SYMBOLS_PRIVATE_EXTERN = NO;
				GCC_WARN_64_TO_32_BIT_CONVERSION = YES;
				GCC_WARN_ABOUT_RETURN_TYPE = YES_ERROR;
				GCC_WARN_UNDECLARED_SELECTOR = YES;
				GCC_WARN_UNINITIALIZED_AUTOS = YES_AGGRESSIVE;
				GCC_WARN_UNUSED_FUNCTION = YES;
				GCC_WARN_UNUSED_VARIABLE = YES;
				IPHONEOS_DEPLOYMENT_TARGET = 8.4;
				MTL_ENABLE_DEBUG_INFO = YES;
				ONLY_ACTIVE_ARCH = YES;
				SDKROOT = iphoneos;
			};
			name = Debug;
		};
		C2BF2ECE1BCE9BF800473AA8 /* Release */ = {
			isa = XCBuildConfiguration;
			buildSettings = {
				ALWAYS_SEARCH_USER_PATHS = NO;
				CLANG_CXX_LANGUAGE_STANDARD = "gnu++0x";
				CLANG_CXX_LIBRARY = "libc++";
				CLANG_ENABLE_MODULES = YES;
				CLANG_ENABLE_OBJC_ARC = YES;
				CLANG_WARN_BOOL_CONVERSION = YES;
				CLANG_WARN_CONSTANT_CONVERSION = YES;
				CLANG_WARN_DIRECT_OBJC_ISA_USAGE = YES_ERROR;
				CLANG_WARN_EMPTY_BODY = YES;
				CLANG_WARN_ENUM_CONVERSION = YES;
				CLANG_WARN_INT_CONVERSION = YES;
				CLANG_WARN_OBJC_ROOT_CLASS = YES_ERROR;
				CLANG_WARN_UNREACHABLE_CODE = YES;
				CLANG_WARN__DUPLICATE_METHOD_MATCH = YES;
				"CODE_SIGN_IDENTITY[sdk=iphoneos*]" = "iPhone Developer";
				COPY_PHASE_STRIP = NO;
				DEBUG_INFORMATION_FORMAT = "dwarf-with-dsym";
				ENABLE_NS_ASSERTIONS = NO;
				ENABLE_STRICT_OBJC_MSGSEND = YES;
				GCC_C_LANGUAGE_STANDARD = gnu99;
				GCC_NO_COMMON_BLOCKS = YES;
				GCC_WARN_64_TO_32_BIT_CONVERSION = YES;
				GCC_WARN_ABOUT_RETURN_TYPE = YES_ERROR;
				GCC_WARN_UNDECLARED_SELECTOR = YES;
				GCC_WARN_UNINITIALIZED_AUTOS = YES_AGGRESSIVE;
				GCC_WARN_UNUSED_FUNCTION = YES;
				GCC_WARN_UNUSED_VARIABLE = YES;
				IPHONEOS_DEPLOYMENT_TARGET = 8.4;
				MTL_ENABLE_DEBUG_INFO = NO;
				SDKROOT = iphoneos;
				VALIDATE_PRODUCT = YES;
			};
			name = Release;
		};
		C2BF2ED01BCE9BF800473AA8 /* Debug */ = {
			isa = XCBuildConfiguration;
			baseConfigurationReference = 579831EFFD901BD77617B534 /* Pods.debug.xcconfig */;
			buildSettings = {
				ASSETCATALOG_COMPILER_APPICON_NAME = AppIcon;
				INFOPLIST_FILE = DayNotes/Info.plist;
				LD_RUNPATH_SEARCH_PATHS = "$(inherited) @executable_path/Frameworks";
				PRODUCT_NAME = "$(TARGET_NAME)";
			};
			name = Debug;
		};
		C2BF2ED11BCE9BF800473AA8 /* Release */ = {
			isa = XCBuildConfiguration;
			baseConfigurationReference = FC6B3B9F0856D5308F578758 /* Pods.release.xcconfig */;
			buildSettings = {
				ASSETCATALOG_COMPILER_APPICON_NAME = AppIcon;
				INFOPLIST_FILE = DayNotes/Info.plist;
				LD_RUNPATH_SEARCH_PATHS = "$(inherited) @executable_path/Frameworks";
				PRODUCT_NAME = "$(TARGET_NAME)";
			};
			name = Release;
		};
		C2BF2ED31BCE9BF800473AA8 /* Debug */ = {
			isa = XCBuildConfiguration;
			buildSettings = {
				BUNDLE_LOADER = "$(TEST_HOST)";
				FRAMEWORK_SEARCH_PATHS = (
					"$(SDKROOT)/Developer/Library/Frameworks",
					"$(inherited)",
				);
				GCC_PREPROCESSOR_DEFINITIONS = (
					"DEBUG=1",
					"$(inherited)",
				);
				INFOPLIST_FILE = DayNotesTests/Info.plist;
				LD_RUNPATH_SEARCH_PATHS = "$(inherited) @executable_path/Frameworks @loader_path/Frameworks";
				PRODUCT_NAME = "$(TARGET_NAME)";
				TEST_HOST = "$(BUILT_PRODUCTS_DIR)/DayNotes.app/DayNotes";
			};
			name = Debug;
		};
		C2BF2ED41BCE9BF800473AA8 /* Release */ = {
			isa = XCBuildConfiguration;
			buildSettings = {
				BUNDLE_LOADER = "$(TEST_HOST)";
				FRAMEWORK_SEARCH_PATHS = (
					"$(SDKROOT)/Developer/Library/Frameworks",
					"$(inherited)",
				);
				INFOPLIST_FILE = DayNotesTests/Info.plist;
				LD_RUNPATH_SEARCH_PATHS = "$(inherited) @executable_path/Frameworks @loader_path/Frameworks";
				PRODUCT_NAME = "$(TARGET_NAME)";
				TEST_HOST = "$(BUILT_PRODUCTS_DIR)/DayNotes.app/DayNotes";
			};
			name = Release;
		};
/* End XCBuildConfiguration section */

/* Begin XCConfigurationList section */
		C2BF2EA71BCE9BF800473AA8 /* Build configuration list for PBXProject "DayNotes" */ = {
			isa = XCConfigurationList;
			buildConfigurations = (
				C2BF2ECD1BCE9BF800473AA8 /* Debug */,
				C2BF2ECE1BCE9BF800473AA8 /* Release */,
			);
			defaultConfigurationIsVisible = 0;
			defaultConfigurationName = Release;
		};
		C2BF2ECF1BCE9BF800473AA8 /* Build configuration list for PBXNativeTarget "DayNotes" */ = {
			isa = XCConfigurationList;
			buildConfigurations = (
				C2BF2ED01BCE9BF800473AA8 /* Debug */,
				C2BF2ED11BCE9BF800473AA8 /* Release */,
			);
			defaultConfigurationIsVisible = 0;
			defaultConfigurationName = Release;
		};
		C2BF2ED21BCE9BF800473AA8 /* Build configuration list for PBXNativeTarget "DayNotesTests" */ = {
			isa = XCConfigurationList;
			buildConfigurations = (
				C2BF2ED31BCE9BF800473AA8 /* Debug */,
				C2BF2ED41BCE9BF800473AA8 /* Release */,
			);
			defaultConfigurationIsVisible = 0;
			defaultConfigurationName = Release;
		};
/* End XCConfigurationList section */
	};
	rootObject = C2BF2EA41BCE9BF800473AA8 /* Project object */;
}
